// !$*UTF8*$!
{
	archiveVersion = 1;
	classes = {
	};
	objectVersion = 77;
	objects = {

/* Begin PBXBuildFile section */
		3A11D68E2E6BFEB8004949B6 /* ProfileOptionsViewModel.swift in Sources */ = {isa = PBXBuildFile; fileRef = 3A11D6862E6BFEB8004949B6 /* ProfileOptionsViewModel.swift */; };
		3A11D6CD2E6DF89A004949B6 /* AppState.swift in Sources */ = {isa = PBXBuildFile; fileRef = 3A11D6CC2E6DF89A004949B6 /* AppState.swift */; };
		3A11D6CF2E6DF955004949B6 /* GroupChatsManager.swift in Sources */ = {isa = PBXBuildFile; fileRef = 3A11D6CE2E6DF955004949B6 /* GroupChatsManager.swift */; };
		3A7578CA2E5EB6FD00F150B2 /* ProfileScreen.swift in Sources */ = {isa = PBXBuildFile; fileRef = 3A7578C92E5EB14A00F150B2 /* ProfileScreen.swift */; };
		3A7578CB2E5EB70600F150B2 /* ProfileMoodBoardView.swift in Sources */ = {isa = PBXBuildFile; fileRef = 3A7578C82E5EB13A00F150B2 /* ProfileMoodBoardView.swift */; };
		3A7578CC2E5EB70E00F150B2 /* ProfileHeroView.swift in Sources */ = {isa = PBXBuildFile; fileRef = 3A7578C72E5EB12A00F150B2 /* ProfileHeroView.swift */; };
		3A7578CD2E5EB71700F150B2 /* AppTheme.swift in Sources */ = {isa = PBXBuildFile; fileRef = 3A7578C62E5EB11300F150B2 /* AppTheme.swift */; };
		3A7578CF2E5EC23D00F150B2 /* RecentTripsView.swift in Sources */ = {isa = PBXBuildFile; fileRef = 3A7578CE2E5EC23D00F150B2 /* RecentTripsView.swift */; };
		3A7578D52E600A7500F150B2 /* LocationManager.swift in Sources */ = {isa = PBXBuildFile; fileRef = 3A7578D42E600A7500F150B2 /* LocationManager.swift */; };
		3A7578DB2E62B81100F150B2 /* IconLabelStyle.swift in Sources */ = {isa = PBXBuildFile; fileRef = 3A7578DA2E62B81100F150B2 /* IconLabelStyle.swift */; };
		3A7578E52E6BF0BE00F150B2 /* PersonalizedRecommendation.swift in Sources */ = {isa = PBXBuildFile; fileRef = 3A7578E42E6BF0BD00F150B2 /* PersonalizedRecommendation.swift */; };
		3A83CDB62E5C1E500059B67F /* FirebaseAuth in Frameworks */ = {isa = PBXBuildFile; productRef = 3A83CDB52E5C1E500059B67F /* FirebaseAuth */; };
		3A83CDB82E5C1E500059B67F /* FirebaseCore in Frameworks */ = {isa = PBXBuildFile; productRef = 3A83CDB72E5C1E500059B67F /* FirebaseCore */; };
		3A83CDBA2E5C1E500059B67F /* FirebaseFirestore in Frameworks */ = {isa = PBXBuildFile; productRef = 3A83CDB92E5C1E500059B67F /* FirebaseFirestore */; };
		3A83CDBC2E5C1E500059B67F /* FirebaseMessaging in Frameworks */ = {isa = PBXBuildFile; productRef = 3A83CDBB2E5C1E500059B67F /* FirebaseMessaging */; };
		3A83CDBE2E5C1E500059B67F /* FirebaseStorage in Frameworks */ = {isa = PBXBuildFile; productRef = 3A83CDBD2E5C1E500059B67F /* FirebaseStorage */; };
		3A83CDC22E5E7E860059B67F /* DictionaryDuplicateKeyScanner.swift in Sources */ = {isa = PBXBuildFile; fileRef = 3A83CDC12E5E7E800059B67F /* DictionaryDuplicateKeyScanner.swift */; };
		3AB08F4F2E4EEF16007BD0AA /* TripCoreModels.swift in Sources */ = {isa = PBXBuildFile; fileRef = 3AB08F4E2E4EEF16007BD0AA /* TripCoreModels.swift */; };
		3AB08F512E4FC320007BD0AA /* OnboardingView.swift in Sources */ = {isa = PBXBuildFile; fileRef = 3AB08F502E4FC320007BD0AA /* OnboardingView.swift */; };
		3AB08F532E50305F007BD0AA /* UserManager.swift in Sources */ = {isa = PBXBuildFile; fileRef = 3AB08F522E50305F007BD0AA /* UserManager.swift */; };
		3AB08F552E5038A7007BD0AA /* Message.swift in Sources */ = {isa = PBXBuildFile; fileRef = 3AB08F542E5038A7007BD0AA /* Message.swift */; };
		3AB08F572E5038F5007BD0AA /* GroupChatViewModel.swift in Sources */ = {isa = PBXBuildFile; fileRef = 3AB08F562E5038F5007BD0AA /* GroupChatViewModel.swift */; };
		3AB08F592E503915007BD0AA /* GroupChatView.swift in Sources */ = {isa = PBXBuildFile; fileRef = 3AB08F582E503915007BD0AA /* GroupChatView.swift */; };
		3AB08F5B2E503931007BD0AA /* CompanionSuggestionViewModel.swift in Sources */ = {isa = PBXBuildFile; fileRef = 3AB08F5A2E503931007BD0AA /* CompanionSuggestionViewModel.swift */; };
		3AB08F5D2E503950007BD0AA /* CompanionSuggestionsView.swift in Sources */ = {isa = PBXBuildFile; fileRef = 3AB08F5C2E503950007BD0AA /* CompanionSuggestionsView.swift */; };
		3AB08F612E5039C1007BD0AA /* NotificationsView.swift in Sources */ = {isa = PBXBuildFile; fileRef = 3AB08F602E5039C1007BD0AA /* NotificationsView.swift */; };
		3AB08F632E503E85007BD0AA /* SideMenu.swift in Sources */ = {isa = PBXBuildFile; fileRef = 3AB08F622E503E85007BD0AA /* SideMenu.swift */; };
		3AB08F672E503FBC007BD0AA /* SideDrawerView.swift in Sources */ = {isa = PBXBuildFile; fileRef = 3AB08F662E503FBC007BD0AA /* SideDrawerView.swift */; };
		3AB08F6B2E5040E7007BD0AA /* AnimatedDrawer.swift in Sources */ = {isa = PBXBuildFile; fileRef = 3AB08F6A2E5040E7007BD0AA /* AnimatedDrawer.swift */; };
		3AB08F6D2E504129007BD0AA /* GroupChatsListView.swift in Sources */ = {isa = PBXBuildFile; fileRef = 3AB08F6C2E504129007BD0AA /* GroupChatsListView.swift */; };
		3AB08F6F2E50415F007BD0AA /* ApprovalsListView.swift in Sources */ = {isa = PBXBuildFile; fileRef = 3AB08F6E2E50415F007BD0AA /* ApprovalsListView.swift */; };
		3AB08F712E5042B4007BD0AA /* ApprovalItem.swift in Sources */ = {isa = PBXBuildFile; fileRef = 3AB08F702E5042B4007BD0AA /* ApprovalItem.swift */; };
		3AB08F732E513F8B007BD0AA /* UserAvatarView.swift in Sources */ = {isa = PBXBuildFile; fileRef = 3AB08F722E513F8B007BD0AA /* UserAvatarView.swift */; };
		3AB08F772E514C4B007BD0AA /* GroupMembersListView.swift in Sources */ = {isa = PBXBuildFile; fileRef = 3AB08F762E514C4B007BD0AA /* GroupMembersListView.swift */; };
		3AB08F792E514C60007BD0AA /* GroupJoinRequestsView.swift in Sources */ = {isa = PBXBuildFile; fileRef = 3AB08F782E514C60007BD0AA /* GroupJoinRequestsView.swift */; };
		3AB08F7B2E515333007BD0AA /* ToolbarMenuButton.swift in Sources */ = {isa = PBXBuildFile; fileRef = 3AB08F7A2E515333007BD0AA /* ToolbarMenuButton.swift */; };
		3AB08F7D2E516EEF007BD0AA /* GroupMessage.swift in Sources */ = {isa = PBXBuildFile; fileRef = 3AB08F7C2E516EEF007BD0AA /* GroupMessage.swift */; };
		3AB5552C2E554D4800074CC0 /* NotificationBadgeView.swift in Sources */ = {isa = PBXBuildFile; fileRef = 3AB5552B2E554D4800074CC0 /* NotificationBadgeView.swift */; };
		3AB555302E55786A00074CC0 /* NotificationsScreen.swift in Sources */ = {isa = PBXBuildFile; fileRef = 3AB5552F2E55786A00074CC0 /* NotificationsScreen.swift */; };
		8C02E0FD2E29BE8E000C4AA9 /* GooglePlacesService.swift in Sources */ = {isa = PBXBuildFile; fileRef = 8C02E0FC2E29BE8E000C4AA9 /* GooglePlacesService.swift */; };
		8C02E0FF2E29C36B000C4AA9 /* PlaceSearchView.swift in Sources */ = {isa = PBXBuildFile; fileRef = 8C02E0FE2E29C36B000C4AA9 /* PlaceSearchView.swift */; };
		8C0FE9352E483FCE00FA651C /* FirestoreService.swift in Sources */ = {isa = PBXBuildFile; fileRef = 8C0FE9342E483FCE00FA651C /* FirestoreService.swift */; };
		8C2EC34A2E31E4500094CCDB /* PlaceSearchViewModel.swift in Sources */ = {isa = PBXBuildFile; fileRef = 8C2EC3492E31E4500094CCDB /* PlaceSearchViewModel.swift */; };
		8C3993752E2DC3D300739CF8 /* Models.Place.swift in Sources */ = {isa = PBXBuildFile; fileRef = 8C3993742E2DC3D300739CF8 /* Models.Place.swift */; };
		8C3993792E2DC46300739CF8 /* TripViewModel.swift in Sources */ = {isa = PBXBuildFile; fileRef = 8C3993782E2DC46300739CF8 /* TripViewModel.swift */; };
		8C3993802E2DCE4500739CF8 /* ItineraryPlace.swift in Sources */ = {isa = PBXBuildFile; fileRef = 8C39937F2E2DCE4500739CF8 /* ItineraryPlace.swift */; };
		8C3993B12E2DEC8A00739CF8 /* GooglePlacesAutocompleteView.swift in Sources */ = {isa = PBXBuildFile; fileRef = 8C3993B02E2DEC8A00739CF8 /* GooglePlacesAutocompleteView.swift */; };
		8C60EAAC2E3725D0002D7E74 /* GoogleService-Info.plist in Resources */ = {isa = PBXBuildFile; fileRef = 8C60EAAB2E3725D0002D7E74 /* GoogleService-Info.plist */; };
		8C60EAB92E372C54002D7E74 /* AuthViewModel.swift in Sources */ = {isa = PBXBuildFile; fileRef = 8C60EAB82E372C54002D7E74 /* AuthViewModel.swift */; };
		8C60EAC32E39B46F002D7E74 /* TripJournalView.swift in Sources */ = {isa = PBXBuildFile; fileRef = 8C60EAC22E39B46F002D7E74 /* TripJournalView.swift */; };
		8C60EAC52E39B48C002D7E74 /* AddJournalEntryView.swift in Sources */ = {isa = PBXBuildFile; fileRef = 8C60EAC42E39B48C002D7E74 /* AddJournalEntryView.swift */; };
		8C60EAC92E39B5C3002D7E74 /* EditJournalEntryView.swift in Sources */ = {isa = PBXBuildFile; fileRef = 8C60EAC82E39B5C3002D7E74 /* EditJournalEntryView.swift */; };
		8C75F1392E32E9A5001D915E /* HomeGreetingView.swift in Sources */ = {isa = PBXBuildFile; fileRef = 8C75F1382E32E9A5001D915E /* HomeGreetingView.swift */; };
		8C75F13B2E32EAE9001D915E /* NextTripOverviewCard.swift in Sources */ = {isa = PBXBuildFile; fileRef = 8C75F13A2E32EAE9001D915E /* NextTripOverviewCard.swift */; };
		8C75F13D2E32F15F001D915E /* QuickActionView.swift in Sources */ = {isa = PBXBuildFile; fileRef = 8C75F13C2E32F15F001D915E /* QuickActionView.swift */; };
		8C75F1412E32F25A001D915E /* TravelJournalPreview.swift in Sources */ = {isa = PBXBuildFile; fileRef = 8C75F1402E32F25A001D915E /* TravelJournalPreview.swift */; };
		8C75F1432E32F278001D915E /* DiscoverInspirationView.swift in Sources */ = {isa = PBXBuildFile; fileRef = 8C75F1422E32F278001D915E /* DiscoverInspirationView.swift */; };
		8C75F1472E32F64F001D915E /* ItineraryView.swift in Sources */ = {isa = PBXBuildFile; fileRef = 8C75F1462E32F64F001D915E /* ItineraryView.swift */; };
		8C75F14B2E32F867001D915E /* JournalView.swift in Sources */ = {isa = PBXBuildFile; fileRef = 8C75F14A2E32F867001D915E /* JournalView.swift */; };
		8C75F1512E3333E3001D915E /* PlacePickerView.swift in Sources */ = {isa = PBXBuildFile; fileRef = 8C75F1502E3333E3001D915E /* PlacePickerView.swift */; };
		8C75F1532E344149001D915E /* ItineraryOptimizer.swift in Sources */ = {isa = PBXBuildFile; fileRef = 8C75F1522E344149001D915E /* ItineraryOptimizer.swift */; };
		8C75F1592E35AC88001D915E /* AccessibleCardView.swift in Sources */ = {isa = PBXBuildFile; fileRef = 8C75F1582E35AC88001D915E /* AccessibleCardView.swift */; };
		8C8BC4742E45A91E00EE8F4C /* GroupViewModel.swift in Sources */ = {isa = PBXBuildFile; fileRef = 8C8BC4732E45A91E00EE8F4C /* GroupViewModel.swift */; };
		8C8BC4782E45A9A600EE8F4C /* GroupListView.swift in Sources */ = {isa = PBXBuildFile; fileRef = 8C8BC4772E45A9A600EE8F4C /* GroupListView.swift */; };
		8C8BC47D2E45AA0D00EE8F4C /* GroupDetailView.swift in Sources */ = {isa = PBXBuildFile; fileRef = 8C8BC47C2E45AA0D00EE8F4C /* GroupDetailView.swift */; };
		8C8BC47F2E45AB3000EE8F4C /* CreateGroupView.swift in Sources */ = {isa = PBXBuildFile; fileRef = 8C8BC47E2E45AB3000EE8F4C /* CreateGroupView.swift */; };
		8C8BC4812E45AB9000EE8F4C /* UserProfile.swift in Sources */ = {isa = PBXBuildFile; fileRef = 8C8BC4802E45AB9000EE8F4C /* UserProfile.swift */; };
		8C9D1B742E260BDF00858387 /* ContentView.swift in Sources */ = {isa = PBXBuildFile; fileRef = 8C714C1A2E25F09D0002CDCD /* ContentView.swift */; };
		8C9D1B7A2E273E1A00858387 /* AuthHomeView.swift in Sources */ = {isa = PBXBuildFile; fileRef = 8C9D1B792E273E1A00858387 /* AuthHomeView.swift */; };
		8C9D1B8D2E274ADE00858387 /* RootTabView.swift in Sources */ = {isa = PBXBuildFile; fileRef = 8C9D1B8C2E274ADE00858387 /* RootTabView.swift */; };
		8C9D1B9A2E276ECD00858387 /* Attraction.swift in Sources */ = {isa = PBXBuildFile; fileRef = 8C9D1B992E276ECD00858387 /* Attraction.swift */; };
		8C9D1BA42E27792800858387 /* PlacesService.swift in Sources */ = {isa = PBXBuildFile; fileRef = 8C9D1B9E2E27707500858387 /* PlacesService.swift */; };
		8C9D1BAA2E277DC700858387 /* HomeView.swift in Sources */ = {isa = PBXBuildFile; fileRef = 8C9D1BA92E277DC700858387 /* HomeView.swift */; };
		8CAA0E172E2DFD6E0015B571 /* GooglePlaces in Frameworks */ = {isa = PBXBuildFile; productRef = 8CAA0E162E2DFD6E0015B571 /* GooglePlaces */; };
		8CAA0E1C2E2F31EF0015B571 /* AppDelegate.swift in Sources */ = {isa = PBXBuildFile; fileRef = 8CAA0E1B2E2F31EF0015B571 /* AppDelegate.swift */; };
		8CB474332E468FE2001F4D78 /* NotificationItem.swift in Sources */ = {isa = PBXBuildFile; fileRef = 8CB474322E468FE2001F4D78 /* NotificationItem.swift */; };
		8CB474352E4690D4001F4D78 /* NotificationsViewModel.swift in Sources */ = {isa = PBXBuildFile; fileRef = 8CB474342E4690D4001F4D78 /* NotificationsViewModel.swift */; };
		8CB474372E469113001F4D78 /* NotificationsListView.swift in Sources */ = {isa = PBXBuildFile; fileRef = 8CB474362E469112001F4D78 /* NotificationsListView.swift */; };
		8CB474392E4698EC001F4D78 /* BiometricAuthManager.swift in Sources */ = {isa = PBXBuildFile; fileRef = 8CB474382E4698EC001F4D78 /* BiometricAuthManager.swift */; };
		8CBCD0ED2E42FCD100D216BA /* GroupTrip.swift in Sources */ = {isa = PBXBuildFile; fileRef = 8CBCD0EC2E42FCD100D216BA /* GroupTrip.swift */; };
		8CD88C6B2E45783E0028CDF7 /* RoundedCorner+CornerRadius.swift in Sources */ = {isa = PBXBuildFile; fileRef = 8CD88C6A2E45783E0028CDF7 /* RoundedCorner+CornerRadius.swift */; };
		8CDB23192E28AF5500949D00 /* ExploreView.swift in Sources */ = {isa = PBXBuildFile; fileRef = 8CDB23182E28AF5500949D00 /* ExploreView.swift */; };
		8CDB231D2E28BADA00949D00 /* CarouselView.swift in Sources */ = {isa = PBXBuildFile; fileRef = 8CDB231C2E28BADA00949D00 /* CarouselView.swift */; };
/* End PBXBuildFile section */

/* Begin PBXContainerItemProxy section */
		8C714BF62E25EB4C0002CDCD /* PBXContainerItemProxy */ = {
			isa = PBXContainerItemProxy;
			containerPortal = 8C714BE02E25EB480002CDCD /* Project object */;
			proxyType = 1;
			remoteGlobalIDString = 8C714BE72E25EB480002CDCD;
			remoteInfo = SoloTravelSoul;
		};
		8C714C002E25EB4D0002CDCD /* PBXContainerItemProxy */ = {
			isa = PBXContainerItemProxy;
			containerPortal = 8C714BE02E25EB480002CDCD /* Project object */;
			proxyType = 1;
			remoteGlobalIDString = 8C714BE72E25EB480002CDCD;
			remoteInfo = SoloTravelSoul;
		};
/* End PBXContainerItemProxy section */

/* Begin PBXFileReference section */
		3A11D6862E6BFEB8004949B6 /* ProfileOptionsViewModel.swift */ = {isa = PBXFileReference; lastKnownFileType = sourcecode.swift; path = ProfileOptionsViewModel.swift; sourceTree = "<group>"; };
		3A11D6CC2E6DF89A004949B6 /* AppState.swift */ = {isa = PBXFileReference; lastKnownFileType = sourcecode.swift; path = AppState.swift; sourceTree = "<group>"; };
		3A11D6CE2E6DF955004949B6 /* GroupChatsManager.swift */ = {isa = PBXFileReference; lastKnownFileType = sourcecode.swift; path = GroupChatsManager.swift; sourceTree = "<group>"; };
		3A7578C62E5EB11300F150B2 /* AppTheme.swift */ = {isa = PBXFileReference; lastKnownFileType = sourcecode.swift; path = AppTheme.swift; sourceTree = "<group>"; };
		3A7578C72E5EB12A00F150B2 /* ProfileHeroView.swift */ = {isa = PBXFileReference; lastKnownFileType = sourcecode.swift; path = ProfileHeroView.swift; sourceTree = "<group>"; };
		3A7578C82E5EB13A00F150B2 /* ProfileMoodBoardView.swift */ = {isa = PBXFileReference; lastKnownFileType = sourcecode.swift; path = ProfileMoodBoardView.swift; sourceTree = "<group>"; };
		3A7578C92E5EB14A00F150B2 /* ProfileScreen.swift */ = {isa = PBXFileReference; lastKnownFileType = sourcecode.swift; path = ProfileScreen.swift; sourceTree = "<group>"; };
		3A7578CE2E5EC23D00F150B2 /* RecentTripsView.swift */ = {isa = PBXFileReference; lastKnownFileType = sourcecode.swift; path = RecentTripsView.swift; sourceTree = "<group>"; };
		3A7578D42E600A7500F150B2 /* LocationManager.swift */ = {isa = PBXFileReference; lastKnownFileType = sourcecode.swift; path = LocationManager.swift; sourceTree = "<group>"; };
		3A7578DA2E62B81100F150B2 /* IconLabelStyle.swift */ = {isa = PBXFileReference; lastKnownFileType = sourcecode.swift; path = IconLabelStyle.swift; sourceTree = "<group>"; };
		3A7578E42E6BF0BD00F150B2 /* PersonalizedRecommendation.swift */ = {isa = PBXFileReference; lastKnownFileType = sourcecode.swift; path = PersonalizedRecommendation.swift; sourceTree = "<group>"; };
		3A83CDC12E5E7E800059B67F /* DictionaryDuplicateKeyScanner.swift */ = {isa = PBXFileReference; lastKnownFileType = sourcecode.swift; path = DictionaryDuplicateKeyScanner.swift; sourceTree = "<group>"; };
		3AB08F4E2E4EEF16007BD0AA /* TripCoreModels.swift */ = {isa = PBXFileReference; lastKnownFileType = sourcecode.swift; path = TripCoreModels.swift; sourceTree = "<group>"; };
		3AB08F502E4FC320007BD0AA /* OnboardingView.swift */ = {isa = PBXFileReference; lastKnownFileType = sourcecode.swift; path = OnboardingView.swift; sourceTree = "<group>"; };
		3AB08F522E50305F007BD0AA /* UserManager.swift */ = {isa = PBXFileReference; lastKnownFileType = sourcecode.swift; path = UserManager.swift; sourceTree = "<group>"; };
		3AB08F542E5038A7007BD0AA /* Message.swift */ = {isa = PBXFileReference; lastKnownFileType = sourcecode.swift; path = Message.swift; sourceTree = "<group>"; };
		3AB08F562E5038F5007BD0AA /* GroupChatViewModel.swift */ = {isa = PBXFileReference; lastKnownFileType = sourcecode.swift; path = GroupChatViewModel.swift; sourceTree = SOURCE_ROOT; };
		3AB08F582E503915007BD0AA /* GroupChatView.swift */ = {isa = PBXFileReference; lastKnownFileType = sourcecode.swift; path = GroupChatView.swift; sourceTree = "<group>"; };
		3AB08F5A2E503931007BD0AA /* CompanionSuggestionViewModel.swift */ = {isa = PBXFileReference; lastKnownFileType = sourcecode.swift; path = CompanionSuggestionViewModel.swift; sourceTree = SOURCE_ROOT; };
		3AB08F5C2E503950007BD0AA /* CompanionSuggestionsView.swift */ = {isa = PBXFileReference; lastKnownFileType = sourcecode.swift; path = CompanionSuggestionsView.swift; sourceTree = "<group>"; };
		3AB08F602E5039C1007BD0AA /* NotificationsView.swift */ = {isa = PBXFileReference; lastKnownFileType = sourcecode.swift; path = NotificationsView.swift; sourceTree = "<group>"; };
		3AB08F622E503E85007BD0AA /* SideMenu.swift */ = {isa = PBXFileReference; lastKnownFileType = sourcecode.swift; path = SideMenu.swift; sourceTree = "<group>"; };
		3AB08F662E503FBC007BD0AA /* SideDrawerView.swift */ = {isa = PBXFileReference; lastKnownFileType = sourcecode.swift; path = SideDrawerView.swift; sourceTree = "<group>"; };
		3AB08F6A2E5040E7007BD0AA /* AnimatedDrawer.swift */ = {isa = PBXFileReference; lastKnownFileType = sourcecode.swift; path = AnimatedDrawer.swift; sourceTree = "<group>"; };
		3AB08F6C2E504129007BD0AA /* GroupChatsListView.swift */ = {isa = PBXFileReference; lastKnownFileType = sourcecode.swift; path = GroupChatsListView.swift; sourceTree = "<group>"; };
		3AB08F6E2E50415F007BD0AA /* ApprovalsListView.swift */ = {isa = PBXFileReference; lastKnownFileType = sourcecode.swift; path = ApprovalsListView.swift; sourceTree = "<group>"; };
		3AB08F702E5042B4007BD0AA /* ApprovalItem.swift */ = {isa = PBXFileReference; lastKnownFileType = sourcecode.swift; path = ApprovalItem.swift; sourceTree = "<group>"; };
		3AB08F722E513F8B007BD0AA /* UserAvatarView.swift */ = {isa = PBXFileReference; lastKnownFileType = sourcecode.swift; path = UserAvatarView.swift; sourceTree = "<group>"; };
		3AB08F762E514C4B007BD0AA /* GroupMembersListView.swift */ = {isa = PBXFileReference; lastKnownFileType = sourcecode.swift; path = GroupMembersListView.swift; sourceTree = "<group>"; };
		3AB08F782E514C60007BD0AA /* GroupJoinRequestsView.swift */ = {isa = PBXFileReference; lastKnownFileType = sourcecode.swift; path = GroupJoinRequestsView.swift; sourceTree = "<group>"; };
		3AB08F7A2E515333007BD0AA /* ToolbarMenuButton.swift */ = {isa = PBXFileReference; lastKnownFileType = sourcecode.swift; path = ToolbarMenuButton.swift; sourceTree = "<group>"; };
		3AB08F7C2E516EEF007BD0AA /* GroupMessage.swift */ = {isa = PBXFileReference; lastKnownFileType = sourcecode.swift; path = GroupMessage.swift; sourceTree = "<group>"; };
		3AB5552B2E554D4800074CC0 /* NotificationBadgeView.swift */ = {isa = PBXFileReference; lastKnownFileType = sourcecode.swift; path = NotificationBadgeView.swift; sourceTree = "<group>"; };
		3AB5552F2E55786A00074CC0 /* NotificationsScreen.swift */ = {isa = PBXFileReference; lastKnownFileType = sourcecode.swift; path = NotificationsScreen.swift; sourceTree = "<group>"; };
		8C02E0FC2E29BE8E000C4AA9 /* GooglePlacesService.swift */ = {isa = PBXFileReference; lastKnownFileType = sourcecode.swift; path = GooglePlacesService.swift; sourceTree = "<group>"; };
		8C02E0FE2E29C36B000C4AA9 /* PlaceSearchView.swift */ = {isa = PBXFileReference; lastKnownFileType = sourcecode.swift; path = PlaceSearchView.swift; sourceTree = "<group>"; };
		8C0FE9342E483FCE00FA651C /* FirestoreService.swift */ = {isa = PBXFileReference; lastKnownFileType = sourcecode.swift; path = FirestoreService.swift; sourceTree = "<group>"; };
		8C2EC3492E31E4500094CCDB /* PlaceSearchViewModel.swift */ = {isa = PBXFileReference; lastKnownFileType = sourcecode.swift; path = PlaceSearchViewModel.swift; sourceTree = SOURCE_ROOT; };
		8C3993742E2DC3D300739CF8 /* Models.Place.swift */ = {isa = PBXFileReference; lastKnownFileType = sourcecode.swift; path = Models.Place.swift; sourceTree = "<group>"; };
		8C3993782E2DC46300739CF8 /* TripViewModel.swift */ = {isa = PBXFileReference; lastKnownFileType = sourcecode.swift; path = TripViewModel.swift; sourceTree = SOURCE_ROOT; };
		8C39937F2E2DCE4500739CF8 /* ItineraryPlace.swift */ = {isa = PBXFileReference; lastKnownFileType = sourcecode.swift; path = ItineraryPlace.swift; sourceTree = "<group>"; };
		8C3993B02E2DEC8A00739CF8 /* GooglePlacesAutocompleteView.swift */ = {isa = PBXFileReference; lastKnownFileType = sourcecode.swift; path = GooglePlacesAutocompleteView.swift; sourceTree = "<group>"; };
		8C60EAAB2E3725D0002D7E74 /* GoogleService-Info.plist */ = {isa = PBXFileReference; lastKnownFileType = text.plist.xml; path = "GoogleService-Info.plist"; sourceTree = "<group>"; };
		8C60EAB82E372C54002D7E74 /* AuthViewModel.swift */ = {isa = PBXFileReference; lastKnownFileType = sourcecode.swift; path = AuthViewModel.swift; sourceTree = "<group>"; };
		8C60EAC22E39B46F002D7E74 /* TripJournalView.swift */ = {isa = PBXFileReference; lastKnownFileType = sourcecode.swift; path = TripJournalView.swift; sourceTree = "<group>"; };
		8C60EAC42E39B48C002D7E74 /* AddJournalEntryView.swift */ = {isa = PBXFileReference; lastKnownFileType = sourcecode.swift; path = AddJournalEntryView.swift; sourceTree = "<group>"; };
		8C60EAC82E39B5C3002D7E74 /* EditJournalEntryView.swift */ = {isa = PBXFileReference; lastKnownFileType = sourcecode.swift; path = EditJournalEntryView.swift; sourceTree = "<group>"; };
		8C714BE82E25EB480002CDCD /* SoloTravelSoul.app */ = {isa = PBXFileReference; explicitFileType = wrapper.application; includeInIndex = 0; path = SoloTravelSoul.app; sourceTree = BUILT_PRODUCTS_DIR; };
		8C714BF52E25EB4C0002CDCD /* SoloTravelSoulTests.xctest */ = {isa = PBXFileReference; explicitFileType = wrapper.cfbundle; includeInIndex = 0; path = SoloTravelSoulTests.xctest; sourceTree = BUILT_PRODUCTS_DIR; };
		8C714BFF2E25EB4D0002CDCD /* SoloTravelSoulUITests.xctest */ = {isa = PBXFileReference; explicitFileType = wrapper.cfbundle; includeInIndex = 0; path = SoloTravelSoulUITests.xctest; sourceTree = BUILT_PRODUCTS_DIR; };
		8C714C1A2E25F09D0002CDCD /* ContentView.swift */ = {isa = PBXFileReference; lastKnownFileType = sourcecode.swift; path = ContentView.swift; sourceTree = "<group>"; };
		8C75F1382E32E9A5001D915E /* HomeGreetingView.swift */ = {isa = PBXFileReference; lastKnownFileType = sourcecode.swift; path = HomeGreetingView.swift; sourceTree = "<group>"; };
		8C75F13A2E32EAE9001D915E /* NextTripOverviewCard.swift */ = {isa = PBXFileReference; lastKnownFileType = sourcecode.swift; path = NextTripOverviewCard.swift; sourceTree = "<group>"; };
		8C75F13C2E32F15F001D915E /* QuickActionView.swift */ = {isa = PBXFileReference; lastKnownFileType = sourcecode.swift; path = QuickActionView.swift; sourceTree = "<group>"; };
		8C75F1402E32F25A001D915E /* TravelJournalPreview.swift */ = {isa = PBXFileReference; lastKnownFileType = sourcecode.swift; path = TravelJournalPreview.swift; sourceTree = "<group>"; };
		8C75F1422E32F278001D915E /* DiscoverInspirationView.swift */ = {isa = PBXFileReference; lastKnownFileType = sourcecode.swift; path = DiscoverInspirationView.swift; sourceTree = "<group>"; };
		8C75F1462E32F64F001D915E /* ItineraryView.swift */ = {isa = PBXFileReference; lastKnownFileType = sourcecode.swift; path = ItineraryView.swift; sourceTree = "<group>"; };
		8C75F14A2E32F867001D915E /* JournalView.swift */ = {isa = PBXFileReference; lastKnownFileType = sourcecode.swift; path = JournalView.swift; sourceTree = "<group>"; };
		8C75F1502E3333E3001D915E /* PlacePickerView.swift */ = {isa = PBXFileReference; lastKnownFileType = sourcecode.swift; path = PlacePickerView.swift; sourceTree = "<group>"; };
		8C75F1522E344149001D915E /* ItineraryOptimizer.swift */ = {isa = PBXFileReference; lastKnownFileType = sourcecode.swift; path = ItineraryOptimizer.swift; sourceTree = "<group>"; };
		8C75F1582E35AC88001D915E /* AccessibleCardView.swift */ = {isa = PBXFileReference; lastKnownFileType = sourcecode.swift; path = AccessibleCardView.swift; sourceTree = "<group>"; };
		8C8BC4732E45A91E00EE8F4C /* GroupViewModel.swift */ = {isa = PBXFileReference; lastKnownFileType = sourcecode.swift; path = GroupViewModel.swift; sourceTree = "<group>"; };
		8C8BC4772E45A9A600EE8F4C /* GroupListView.swift */ = {isa = PBXFileReference; lastKnownFileType = sourcecode.swift; path = GroupListView.swift; sourceTree = "<group>"; };
		8C8BC47C2E45AA0D00EE8F4C /* GroupDetailView.swift */ = {isa = PBXFileReference; lastKnownFileType = sourcecode.swift; path = GroupDetailView.swift; sourceTree = "<group>"; };
		8C8BC47E2E45AB3000EE8F4C /* CreateGroupView.swift */ = {isa = PBXFileReference; lastKnownFileType = sourcecode.swift; path = CreateGroupView.swift; sourceTree = "<group>"; };
		8C8BC4802E45AB9000EE8F4C /* UserProfile.swift */ = {isa = PBXFileReference; lastKnownFileType = sourcecode.swift; path = UserProfile.swift; sourceTree = "<group>"; };
		8C9D1B792E273E1A00858387 /* AuthHomeView.swift */ = {isa = PBXFileReference; lastKnownFileType = sourcecode.swift; path = AuthHomeView.swift; sourceTree = "<group>"; };
		8C9D1B8C2E274ADE00858387 /* RootTabView.swift */ = {isa = PBXFileReference; lastKnownFileType = sourcecode.swift; path = RootTabView.swift; sourceTree = "<group>"; };
		8C9D1B992E276ECD00858387 /* Attraction.swift */ = {isa = PBXFileReference; lastKnownFileType = sourcecode.swift; path = Attraction.swift; sourceTree = "<group>"; };
		8C9D1B9E2E27707500858387 /* PlacesService.swift */ = {isa = PBXFileReference; lastKnownFileType = sourcecode.swift; path = PlacesService.swift; sourceTree = "<group>"; };
		8C9D1BA92E277DC700858387 /* HomeView.swift */ = {isa = PBXFileReference; lastKnownFileType = sourcecode.swift; path = HomeView.swift; sourceTree = "<group>"; };
		8CAA0E1B2E2F31EF0015B571 /* AppDelegate.swift */ = {isa = PBXFileReference; lastKnownFileType = sourcecode.swift; path = AppDelegate.swift; sourceTree = "<group>"; };
		8CB474322E468FE2001F4D78 /* NotificationItem.swift */ = {isa = PBXFileReference; lastKnownFileType = sourcecode.swift; path = NotificationItem.swift; sourceTree = "<group>"; };
		8CB474342E4690D4001F4D78 /* NotificationsViewModel.swift */ = {isa = PBXFileReference; lastKnownFileType = sourcecode.swift; path = NotificationsViewModel.swift; sourceTree = "<group>"; };
		8CB474362E469112001F4D78 /* NotificationsListView.swift */ = {isa = PBXFileReference; lastKnownFileType = sourcecode.swift; path = NotificationsListView.swift; sourceTree = "<group>"; };
		8CB474382E4698EC001F4D78 /* BiometricAuthManager.swift */ = {isa = PBXFileReference; lastKnownFileType = sourcecode.swift; path = BiometricAuthManager.swift; sourceTree = SOURCE_ROOT; };
		8CBCD0EC2E42FCD100D216BA /* GroupTrip.swift */ = {isa = PBXFileReference; lastKnownFileType = sourcecode.swift; path = GroupTrip.swift; sourceTree = "<group>"; };
		8CD88C6A2E45783E0028CDF7 /* RoundedCorner+CornerRadius.swift */ = {isa = PBXFileReference; lastKnownFileType = sourcecode.swift; path = "RoundedCorner+CornerRadius.swift"; sourceTree = SOURCE_ROOT; };
		8CDB23182E28AF5500949D00 /* ExploreView.swift */ = {isa = PBXFileReference; lastKnownFileType = sourcecode.swift; path = ExploreView.swift; sourceTree = "<group>"; };
		8CDB231C2E28BADA00949D00 /* CarouselView.swift */ = {isa = PBXFileReference; lastKnownFileType = sourcecode.swift; path = CarouselView.swift; sourceTree = "<group>"; };
/* End PBXFileReference section */

/* Begin PBXFileSystemSynchronizedBuildFileExceptionSet section */
		3AC6A1642E7C693300B0B14A /* Exceptions for "SoloTravelSoul" folder in "SoloTravelSoul" target */ = {
			isa = PBXFileSystemSynchronizedBuildFileExceptionSet;
			membershipExceptions = (
				Info.plist,
			);
			target = 8C714BE72E25EB480002CDCD /* SoloTravelSoul */;
		};
/* End PBXFileSystemSynchronizedBuildFileExceptionSet section */

/* Begin PBXFileSystemSynchronizedRootGroup section */
		8C714BEA2E25EB480002CDCD /* SoloTravelSoul */ = {
			isa = PBXFileSystemSynchronizedRootGroup;
			exceptions = (
				3AC6A1642E7C693300B0B14A /* Exceptions for "SoloTravelSoul" folder in "SoloTravelSoul" target */,
			);
			path = SoloTravelSoul;
			sourceTree = "<group>";
		};
		8C714BF82E25EB4D0002CDCD /* SoloTravelSoulTests */ = {
			isa = PBXFileSystemSynchronizedRootGroup;
			path = SoloTravelSoulTests;
			sourceTree = "<group>";
		};
		8C714C022E25EB4D0002CDCD /* SoloTravelSoulUITests */ = {
			isa = PBXFileSystemSynchronizedRootGroup;
			path = SoloTravelSoulUITests;
			sourceTree = "<group>";
		};
		8C9D1B7E2E27449500858387 /* Trips */ = {
			isa = PBXFileSystemSynchronizedRootGroup;
			path = Trips;
			sourceTree = "<group>";
		};
		8C9D1B9B2E276F1000858387 /* Data */ = {
			isa = PBXFileSystemSynchronizedRootGroup;
			path = Data;
			sourceTree = "<group>";
		};
		8C9D1B9F2E27773D00858387 /* Discover */ = {
			isa = PBXFileSystemSynchronizedRootGroup;
			path = Discover;
			sourceTree = "<group>";
		};
		8C9D1BAB2E277DF900858387 /* Profile */ = {
			isa = PBXFileSystemSynchronizedRootGroup;
			path = Profile;
			sourceTree = "<group>";
		};
/* End PBXFileSystemSynchronizedRootGroup section */

/* Begin PBXFrameworksBuildPhase section */
		8C714BE52E25EB480002CDCD /* Frameworks */ = {
			isa = PBXFrameworksBuildPhase;
			buildActionMask = 2147483647;
			files = (
				8CAA0E172E2DFD6E0015B571 /* GooglePlaces in Frameworks */,
				3A83CDBA2E5C1E500059B67F /* FirebaseFirestore in Frameworks */,
				3A83CDBC2E5C1E500059B67F /* FirebaseMessaging in Frameworks */,
				3A83CDB82E5C1E500059B67F /* FirebaseCore in Frameworks */,
				3A83CDB62E5C1E500059B67F /* FirebaseAuth in Frameworks */,
				3A83CDBE2E5C1E500059B67F /* FirebaseStorage in Frameworks */,
			);
			runOnlyForDeploymentPostprocessing = 0;
		};
		8C714BF22E25EB4C0002CDCD /* Frameworks */ = {
			isa = PBXFrameworksBuildPhase;
			buildActionMask = 2147483647;
			files = (
			);
			runOnlyForDeploymentPostprocessing = 0;
		};
		8C714BFC2E25EB4D0002CDCD /* Frameworks */ = {
			isa = PBXFrameworksBuildPhase;
			buildActionMask = 2147483647;
			files = (
			);
			runOnlyForDeploymentPostprocessing = 0;
		};
/* End PBXFrameworksBuildPhase section */

/* Begin PBXGroup section */
		3A11D6CB2E6DEB8E004949B6 /* ViewModels */ = {
			isa = PBXGroup;
			children = (
				8C3993782E2DC46300739CF8 /* TripViewModel.swift */,
				8C2EC3492E31E4500094CCDB /* PlaceSearchViewModel.swift */,
				3AB08F5A2E503931007BD0AA /* CompanionSuggestionViewModel.swift */,
				8CB474342E4690D4001F4D78 /* NotificationsViewModel.swift */,
				8C8BC4732E45A91E00EE8F4C /* GroupViewModel.swift */,
				3A11D6862E6BFEB8004949B6 /* ProfileOptionsViewModel.swift */,
				8C60EAB82E372C54002D7E74 /* AuthViewModel.swift */,
				3AB08F562E5038F5007BD0AA /* GroupChatViewModel.swift */,
			);
			path = ViewModels;
			sourceTree = "<group>";
		};
		3A7578C52E5EB0FE00F150B2 /* AppTheme */ = {
			isa = PBXGroup;
			children = (
				3A11D6CC2E6DF89A004949B6 /* AppState.swift */,
				3A7578C92E5EB14A00F150B2 /* ProfileScreen.swift */,
				3A7578C82E5EB13A00F150B2 /* ProfileMoodBoardView.swift */,
				3A7578C72E5EB12A00F150B2 /* ProfileHeroView.swift */,
				3A7578C62E5EB11300F150B2 /* AppTheme.swift */,
			);
			path = AppTheme;
			sourceTree = "<group>";
		};
		8C714BDF2E25EB480002CDCD = {
			isa = PBXGroup;
			children = (
				3A7578C52E5EB0FE00F150B2 /* AppTheme */,
				8CAA0E1B2E2F31EF0015B571 /* AppDelegate.swift */,
				8C3993B02E2DEC8A00739CF8 /* GooglePlacesAutocompleteView.swift */,
				8C9D1B9B2E276F1000858387 /* Data */,
				3A11D6CB2E6DEB8E004949B6 /* ViewModels */,
				8C714C162E25EBEB0002CDCD /* Services */,
				8C714C132E25EB970002CDCD /* Models */,
				8C714C122E25EB7E0002CDCD /* Views */,
				8C714BEA2E25EB480002CDCD /* SoloTravelSoul */,
				8C714BF82E25EB4D0002CDCD /* SoloTravelSoulTests */,
				8C714C022E25EB4D0002CDCD /* SoloTravelSoulUITests */,
				8C714BE92E25EB480002CDCD /* Products */,
				8C60EAAB2E3725D0002D7E74 /* GoogleService-Info.plist */,
			);
			sourceTree = "<group>";
		};
		8C714BE92E25EB480002CDCD /* Products */ = {
			isa = PBXGroup;
			children = (
				8C714BE82E25EB480002CDCD /* SoloTravelSoul.app */,
				8C714BF52E25EB4C0002CDCD /* SoloTravelSoulTests.xctest */,
				8C714BFF2E25EB4D0002CDCD /* SoloTravelSoulUITests.xctest */,
			);
			name = Products;
			sourceTree = "<group>";
		};
		8C714C122E25EB7E0002CDCD /* Views */ = {
			isa = PBXGroup;
			children = (
				3A7578DA2E62B81100F150B2 /* IconLabelStyle.swift */,
				3A83CDC12E5E7E800059B67F /* DictionaryDuplicateKeyScanner.swift */,
				3AB5552F2E55786A00074CC0 /* NotificationsScreen.swift */,
				3AB5552B2E554D4800074CC0 /* NotificationBadgeView.swift */,
				3AB08F7A2E515333007BD0AA /* ToolbarMenuButton.swift */,
				3AB08F782E514C60007BD0AA /* GroupJoinRequestsView.swift */,
				3AB08F762E514C4B007BD0AA /* GroupMembersListView.swift */,
				3AB08F722E513F8B007BD0AA /* UserAvatarView.swift */,
				3AB08F702E5042B4007BD0AA /* ApprovalItem.swift */,
				3AB08F6E2E50415F007BD0AA /* ApprovalsListView.swift */,
				3AB08F6C2E504129007BD0AA /* GroupChatsListView.swift */,
				3AB08F6A2E5040E7007BD0AA /* AnimatedDrawer.swift */,
				3AB08F662E503FBC007BD0AA /* SideDrawerView.swift */,
				3AB08F622E503E85007BD0AA /* SideMenu.swift */,
				3AB08F602E5039C1007BD0AA /* NotificationsView.swift */,
				3AB08F5C2E503950007BD0AA /* CompanionSuggestionsView.swift */,
				3AB08F582E503915007BD0AA /* GroupChatView.swift */,
				3AB08F502E4FC320007BD0AA /* OnboardingView.swift */,
				8C8BC47E2E45AB3000EE8F4C /* CreateGroupView.swift */,
				8C8BC47C2E45AA0D00EE8F4C /* GroupDetailView.swift */,
				8C8BC4772E45A9A600EE8F4C /* GroupListView.swift */,
				8C60EAC82E39B5C3002D7E74 /* EditJournalEntryView.swift */,
				8C60EAC42E39B48C002D7E74 /* AddJournalEntryView.swift */,
				8C60EAC22E39B46F002D7E74 /* TripJournalView.swift */,
				8C75F1582E35AC88001D915E /* AccessibleCardView.swift */,
				8C75F1502E3333E3001D915E /* PlacePickerView.swift */,
				8C75F1462E32F64F001D915E /* ItineraryView.swift */,
				8C75F14A2E32F867001D915E /* JournalView.swift */,
				8C02E0FE2E29C36B000C4AA9 /* PlaceSearchView.swift */,
				8C9D1BAB2E277DF900858387 /* Profile */,
				8C9D1B9F2E27773D00858387 /* Discover */,
				8C9D1B7E2E27449500858387 /* Trips */,
				8C714C172E25EC0E0002CDCD /* Home */,
			);
			path = Views;
			sourceTree = "<group>";
		};
		8C714C132E25EB970002CDCD /* Models */ = {
			isa = PBXGroup;
			children = (
				3A11D6CE2E6DF955004949B6 /* GroupChatsManager.swift */,
				3A7578E42E6BF0BD00F150B2 /* PersonalizedRecommendation.swift */,
				3A7578D42E600A7500F150B2 /* LocationManager.swift */,
				8CD88C6A2E45783E0028CDF7 /* RoundedCorner+CornerRadius.swift */,
				3AB08F7C2E516EEF007BD0AA /* GroupMessage.swift */,
				3AB08F542E5038A7007BD0AA /* Message.swift */,
				3AB08F522E50305F007BD0AA /* UserManager.swift */,
				3AB08F4E2E4EEF16007BD0AA /* TripCoreModels.swift */,
				8CB474362E469112001F4D78 /* NotificationsListView.swift */,
				8CB474322E468FE2001F4D78 /* NotificationItem.swift */,
				8C8BC4802E45AB9000EE8F4C /* UserProfile.swift */,
				8CBCD0EC2E42FCD100D216BA /* GroupTrip.swift */,
				8C75F1522E344149001D915E /* ItineraryOptimizer.swift */,
				8C39937F2E2DCE4500739CF8 /* ItineraryPlace.swift */,
				8C3993742E2DC3D300739CF8 /* Models.Place.swift */,
				8C9D1B992E276ECD00858387 /* Attraction.swift */,
				8CB474382E4698EC001F4D78 /* BiometricAuthManager.swift */,
			);
			path = Models;
			sourceTree = "<group>";
		};
		8C714C162E25EBEB0002CDCD /* Services */ = {
			isa = PBXGroup;
			children = (
				8C0FE9342E483FCE00FA651C /* FirestoreService.swift */,
				8C02E0FC2E29BE8E000C4AA9 /* GooglePlacesService.swift */,
				8C9D1B9E2E27707500858387 /* PlacesService.swift */,
			);
			path = Services;
			sourceTree = "<group>";
		};
		8C714C172E25EC0E0002CDCD /* Home */ = {
			isa = PBXGroup;
			children = (
				3A7578CE2E5EC23D00F150B2 /* RecentTripsView.swift */,
				8C75F1422E32F278001D915E /* DiscoverInspirationView.swift */,
				8C75F1402E32F25A001D915E /* TravelJournalPreview.swift */,
				8C75F13C2E32F15F001D915E /* QuickActionView.swift */,
				8C75F13A2E32EAE9001D915E /* NextTripOverviewCard.swift */,
				8C75F1382E32E9A5001D915E /* HomeGreetingView.swift */,
				8CDB231C2E28BADA00949D00 /* CarouselView.swift */,
				8CDB23182E28AF5500949D00 /* ExploreView.swift */,
				8C9D1BA92E277DC700858387 /* HomeView.swift */,
				8C9D1B8C2E274ADE00858387 /* RootTabView.swift */,
				8C9D1B792E273E1A00858387 /* AuthHomeView.swift */,
				8C714C1A2E25F09D0002CDCD /* ContentView.swift */,
			);
			path = Home;
			sourceTree = "<group>";
		};
/* End PBXGroup section */

/* Begin PBXNativeTarget section */
		8C714BE72E25EB480002CDCD /* SoloTravelSoul */ = {
			isa = PBXNativeTarget;
			buildConfigurationList = 8C714C092E25EB4D0002CDCD /* Build configuration list for PBXNativeTarget "SoloTravelSoul" */;
			buildPhases = (
				8C714BE42E25EB480002CDCD /* Sources */,
				8C714BE52E25EB480002CDCD /* Frameworks */,
				8C714BE62E25EB480002CDCD /* Resources */,
			);
			buildRules = (
			);
			dependencies = (
			);
			fileSystemSynchronizedGroups = (
				8C714BEA2E25EB480002CDCD /* SoloTravelSoul */,
				8C9D1B7E2E27449500858387 /* Trips */,
				8C9D1B9B2E276F1000858387 /* Data */,
				8C9D1B9F2E27773D00858387 /* Discover */,
				8C9D1BAB2E277DF900858387 /* Profile */,
			);
			name = SoloTravelSoul;
			productName = SoloTravelSoul;
			productReference = 8C714BE82E25EB480002CDCD /* SoloTravelSoul.app */;
			productType = "com.apple.product-type.application";
		};
		8C714BF42E25EB4C0002CDCD /* SoloTravelSoulTests */ = {
			isa = PBXNativeTarget;
			buildConfigurationList = 8C714C0C2E25EB4D0002CDCD /* Build configuration list for PBXNativeTarget "SoloTravelSoulTests" */;
			buildPhases = (
				8C714BF12E25EB4C0002CDCD /* Sources */,
				8C714BF22E25EB4C0002CDCD /* Frameworks */,
				8C714BF32E25EB4C0002CDCD /* Resources */,
			);
			buildRules = (
			);
			dependencies = (
				8C714BF72E25EB4C0002CDCD /* PBXTargetDependency */,
			);
			fileSystemSynchronizedGroups = (
				8C714BF82E25EB4D0002CDCD /* SoloTravelSoulTests */,
			);
			name = SoloTravelSoulTests;
			productName = SoloTravelSoulTests;
			productReference = 8C714BF52E25EB4C0002CDCD /* SoloTravelSoulTests.xctest */;
			productType = "com.apple.product-type.bundle.unit-test";
		};
		8C714BFE2E25EB4D0002CDCD /* SoloTravelSoulUITests */ = {
			isa = PBXNativeTarget;
			buildConfigurationList = 8C714C0F2E25EB4D0002CDCD /* Build configuration list for PBXNativeTarget "SoloTravelSoulUITests" */;
			buildPhases = (
				8C714BFB2E25EB4D0002CDCD /* Sources */,
				8C714BFC2E25EB4D0002CDCD /* Frameworks */,
				8C714BFD2E25EB4D0002CDCD /* Resources */,
			);
			buildRules = (
			);
			dependencies = (
				8C714C012E25EB4D0002CDCD /* PBXTargetDependency */,
			);
			fileSystemSynchronizedGroups = (
				8C714C022E25EB4D0002CDCD /* SoloTravelSoulUITests */,
			);
			name = SoloTravelSoulUITests;
			productName = SoloTravelSoulUITests;
			productReference = 8C714BFF2E25EB4D0002CDCD /* SoloTravelSoulUITests.xctest */;
			productType = "com.apple.product-type.bundle.ui-testing";
		};
/* End PBXNativeTarget section */

/* Begin PBXProject section */
		8C714BE02E25EB480002CDCD /* Project object */ = {
			isa = PBXProject;
			attributes = {
				BuildIndependentTargetsInParallel = 1;
				LastSwiftUpdateCheck = 1640;
				LastUpgradeCheck = 1640;
				TargetAttributes = {
					8C714BE72E25EB480002CDCD = {
						CreatedOnToolsVersion = 16.4;
					};
					8C714BF42E25EB4C0002CDCD = {
						CreatedOnToolsVersion = 16.4;
						TestTargetID = 8C714BE72E25EB480002CDCD;
					};
					8C714BFE2E25EB4D0002CDCD = {
						CreatedOnToolsVersion = 16.4;
						TestTargetID = 8C714BE72E25EB480002CDCD;
					};
				};
			};
			buildConfigurationList = 8C714BE32E25EB480002CDCD /* Build configuration list for PBXProject "SoloTravelSoul" */;
			developmentRegion = en;
			hasScannedForEncodings = 0;
			knownRegions = (
				en,
				Base,
			);
			mainGroup = 8C714BDF2E25EB480002CDCD;
			minimizedProjectReferenceProxies = 1;
			packageReferences = (
				8CAA0E152E2DFD6E0015B571 /* XCRemoteSwiftPackageReference "ios-places-sdk" */,
				3A83CDB42E5C1E500059B67F /* XCRemoteSwiftPackageReference "firebase-ios-sdk" */,
			);
			preferredProjectObjectVersion = 77;
			productRefGroup = 8C714BE92E25EB480002CDCD /* Products */;
			projectDirPath = "";
			projectRoot = "";
			targets = (
				8C714BE72E25EB480002CDCD /* SoloTravelSoul */,
				8C714BF42E25EB4C0002CDCD /* SoloTravelSoulTests */,
				8C714BFE2E25EB4D0002CDCD /* SoloTravelSoulUITests */,
			);
		};
/* End PBXProject section */

/* Begin PBXResourcesBuildPhase section */
		8C714BE62E25EB480002CDCD /* Resources */ = {
			isa = PBXResourcesBuildPhase;
			buildActionMask = 2147483647;
			files = (
				8C60EAAC2E3725D0002D7E74 /* GoogleService-Info.plist in Resources */,
			);
			runOnlyForDeploymentPostprocessing = 0;
		};
		8C714BF32E25EB4C0002CDCD /* Resources */ = {
			isa = PBXResourcesBuildPhase;
			buildActionMask = 2147483647;
			files = (
			);
			runOnlyForDeploymentPostprocessing = 0;
		};
		8C714BFD2E25EB4D0002CDCD /* Resources */ = {
			isa = PBXResourcesBuildPhase;
			buildActionMask = 2147483647;
			files = (
			);
			runOnlyForDeploymentPostprocessing = 0;
		};
/* End PBXResourcesBuildPhase section */

/* Begin PBXSourcesBuildPhase section */
		8C714BE42E25EB480002CDCD /* Sources */ = {
			isa = PBXSourcesBuildPhase;
			buildActionMask = 2147483647;
			files = (
				3AB08F632E503E85007BD0AA /* SideMenu.swift in Sources */,
				8C9D1BA42E27792800858387 /* PlacesService.swift in Sources */,
				8C9D1B8D2E274ADE00858387 /* RootTabView.swift in Sources */,
				8C75F1432E32F278001D915E /* DiscoverInspirationView.swift in Sources */,
				8C9D1B9A2E276ECD00858387 /* Attraction.swift in Sources */,
				3A7578E52E6BF0BE00F150B2 /* PersonalizedRecommendation.swift in Sources */,
				8C75F13D2E32F15F001D915E /* QuickActionView.swift in Sources */,
				8CBCD0ED2E42FCD100D216BA /* GroupTrip.swift in Sources */,
				8C8BC4742E45A91E00EE8F4C /* GroupViewModel.swift in Sources */,
				8CB474392E4698EC001F4D78 /* BiometricAuthManager.swift in Sources */,
				3AB5552C2E554D4800074CC0 /* NotificationBadgeView.swift in Sources */,
				8CD88C6B2E45783E0028CDF7 /* RoundedCorner+CornerRadius.swift in Sources */,
				8C75F1512E3333E3001D915E /* PlacePickerView.swift in Sources */,
				3AB08F672E503FBC007BD0AA /* SideDrawerView.swift in Sources */,
				8C0FE9352E483FCE00FA651C /* FirestoreService.swift in Sources */,
				3AB08F512E4FC320007BD0AA /* OnboardingView.swift in Sources */,
				8CB474372E469113001F4D78 /* NotificationsListView.swift in Sources */,
				8C75F14B2E32F867001D915E /* JournalView.swift in Sources */,
				3A7578CB2E5EB70600F150B2 /* ProfileMoodBoardView.swift in Sources */,
				3A11D68E2E6BFEB8004949B6 /* ProfileOptionsViewModel.swift in Sources */,
				8C60EAC32E39B46F002D7E74 /* TripJournalView.swift in Sources */,
				8C9D1B7A2E273E1A00858387 /* AuthHomeView.swift in Sources */,
				8C8BC4812E45AB9000EE8F4C /* UserProfile.swift in Sources */,
				3AB08F592E503915007BD0AA /* GroupChatView.swift in Sources */,
				3A7578CC2E5EB70E00F150B2 /* ProfileHeroView.swift in Sources */,
				3A7578CF2E5EC23D00F150B2 /* RecentTripsView.swift in Sources */,
				3A7578DB2E62B81100F150B2 /* IconLabelStyle.swift in Sources */,
				3AB08F612E5039C1007BD0AA /* NotificationsView.swift in Sources */,
				3AB08F552E5038A7007BD0AA /* Message.swift in Sources */,
				3AB08F6B2E5040E7007BD0AA /* AnimatedDrawer.swift in Sources */,
				3AB08F7B2E515333007BD0AA /* ToolbarMenuButton.swift in Sources */,
				8C3993752E2DC3D300739CF8 /* Models.Place.swift in Sources */,
				8CB474352E4690D4001F4D78 /* NotificationsViewModel.swift in Sources */,
				3AB08F6F2E50415F007BD0AA /* ApprovalsListView.swift in Sources */,
				8C75F1472E32F64F001D915E /* ItineraryView.swift in Sources */,
				8C75F13B2E32EAE9001D915E /* NextTripOverviewCard.swift in Sources */,
				3AB08F792E514C60007BD0AA /* GroupJoinRequestsView.swift in Sources */,
				8C75F1412E32F25A001D915E /* TravelJournalPreview.swift in Sources */,
				8C2EC34A2E31E4500094CCDB /* PlaceSearchViewModel.swift in Sources */,
				8C8BC47D2E45AA0D00EE8F4C /* GroupDetailView.swift in Sources */,
				3AB08F7D2E516EEF007BD0AA /* GroupMessage.swift in Sources */,
				8C8BC47F2E45AB3000EE8F4C /* CreateGroupView.swift in Sources */,
				8C60EAB92E372C54002D7E74 /* AuthViewModel.swift in Sources */,
				8C9D1B742E260BDF00858387 /* ContentView.swift in Sources */,
				8CAA0E1C2E2F31EF0015B571 /* AppDelegate.swift in Sources */,
				8C60EAC92E39B5C3002D7E74 /* EditJournalEntryView.swift in Sources */,
				8C02E0FD2E29BE8E000C4AA9 /* GooglePlacesService.swift in Sources */,
				3A7578CA2E5EB6FD00F150B2 /* ProfileScreen.swift in Sources */,
				8C75F1592E35AC88001D915E /* AccessibleCardView.swift in Sources */,
				3A11D6CF2E6DF955004949B6 /* GroupChatsManager.swift in Sources */,
				3AB08F6D2E504129007BD0AA /* GroupChatsListView.swift in Sources */,
				8C9D1BAA2E277DC700858387 /* HomeView.swift in Sources */,
				8C60EAC52E39B48C002D7E74 /* AddJournalEntryView.swift in Sources */,
				3A11D6CD2E6DF89A004949B6 /* AppState.swift in Sources */,
				8C3993802E2DCE4500739CF8 /* ItineraryPlace.swift in Sources */,
				3AB08F712E5042B4007BD0AA /* ApprovalItem.swift in Sources */,
				3AB08F5D2E503950007BD0AA /* CompanionSuggestionsView.swift in Sources */,
				3A83CDC22E5E7E860059B67F /* DictionaryDuplicateKeyScanner.swift in Sources */,
				3AB08F532E50305F007BD0AA /* UserManager.swift in Sources */,
				3AB08F5B2E503931007BD0AA /* CompanionSuggestionViewModel.swift in Sources */,
				8CB474332E468FE2001F4D78 /* NotificationItem.swift in Sources */,
				3AB08F772E514C4B007BD0AA /* GroupMembersListView.swift in Sources */,
				8CDB231D2E28BADA00949D00 /* CarouselView.swift in Sources */,
				8CDB23192E28AF5500949D00 /* ExploreView.swift in Sources */,
				3AB08F4F2E4EEF16007BD0AA /* TripCoreModels.swift in Sources */,
				3AB555302E55786A00074CC0 /* NotificationsScreen.swift in Sources */,
				8C3993792E2DC46300739CF8 /* TripViewModel.swift in Sources */,
				3AB08F732E513F8B007BD0AA /* UserAvatarView.swift in Sources */,
				8C75F1392E32E9A5001D915E /* HomeGreetingView.swift in Sources */,
				8C75F1532E344149001D915E /* ItineraryOptimizer.swift in Sources */,
				8C02E0FF2E29C36B000C4AA9 /* PlaceSearchView.swift in Sources */,
				3AB08F572E5038F5007BD0AA /* GroupChatViewModel.swift in Sources */,
				3A7578D52E600A7500F150B2 /* LocationManager.swift in Sources */,
				3A7578CD2E5EB71700F150B2 /* AppTheme.swift in Sources */,
				8C3993B12E2DEC8A00739CF8 /* GooglePlacesAutocompleteView.swift in Sources */,
				8C8BC4782E45A9A600EE8F4C /* GroupListView.swift in Sources */,
			);
			runOnlyForDeploymentPostprocessing = 0;
		};
		8C714BF12E25EB4C0002CDCD /* Sources */ = {
			isa = PBXSourcesBuildPhase;
			buildActionMask = 2147483647;
			files = (
			);
			runOnlyForDeploymentPostprocessing = 0;
		};
		8C714BFB2E25EB4D0002CDCD /* Sources */ = {
			isa = PBXSourcesBuildPhase;
			buildActionMask = 2147483647;
			files = (
			);
			runOnlyForDeploymentPostprocessing = 0;
		};
/* End PBXSourcesBuildPhase section */

/* Begin PBXTargetDependency section */
		8C714BF72E25EB4C0002CDCD /* PBXTargetDependency */ = {
			isa = PBXTargetDependency;
			target = 8C714BE72E25EB480002CDCD /* SoloTravelSoul */;
			targetProxy = 8C714BF62E25EB4C0002CDCD /* PBXContainerItemProxy */;
		};
		8C714C012E25EB4D0002CDCD /* PBXTargetDependency */ = {
			isa = PBXTargetDependency;
			target = 8C714BE72E25EB480002CDCD /* SoloTravelSoul */;
			targetProxy = 8C714C002E25EB4D0002CDCD /* PBXContainerItemProxy */;
		};
/* End PBXTargetDependency section */

/* Begin XCBuildConfiguration section */
		8C714C072E25EB4D0002CDCD /* Debug */ = {
			isa = XCBuildConfiguration;
			buildSettings = {
				ALWAYS_SEARCH_USER_PATHS = NO;
				ASSETCATALOG_COMPILER_GENERATE_SWIFT_ASSET_SYMBOL_EXTENSIONS = YES;
				CLANG_ANALYZER_NONNULL = YES;
				CLANG_ANALYZER_NUMBER_OBJECT_CONVERSION = YES_AGGRESSIVE;
				CLANG_CXX_LANGUAGE_STANDARD = "gnu++20";
				CLANG_ENABLE_MODULES = YES;
				CLANG_ENABLE_OBJC_ARC = YES;
				CLANG_ENABLE_OBJC_WEAK = YES;
				CLANG_WARN_BLOCK_CAPTURE_AUTORELEASING = YES;
				CLANG_WARN_BOOL_CONVERSION = YES;
				CLANG_WARN_COMMA = YES;
				CLANG_WARN_CONSTANT_CONVERSION = YES;
				CLANG_WARN_DEPRECATED_OBJC_IMPLEMENTATIONS = YES;
				CLANG_WARN_DIRECT_OBJC_ISA_USAGE = YES_ERROR;
				CLANG_WARN_DOCUMENTATION_COMMENTS = YES;
				CLANG_WARN_EMPTY_BODY = YES;
				CLANG_WARN_ENUM_CONVERSION = YES;
				CLANG_WARN_INFINITE_RECURSION = YES;
				CLANG_WARN_INT_CONVERSION = YES;
				CLANG_WARN_NON_LITERAL_NULL_CONVERSION = YES;
				CLANG_WARN_OBJC_IMPLICIT_RETAIN_SELF = YES;
				CLANG_WARN_OBJC_LITERAL_CONVERSION = YES;
				CLANG_WARN_OBJC_ROOT_CLASS = YES_ERROR;
				CLANG_WARN_QUOTED_INCLUDE_IN_FRAMEWORK_HEADER = YES;
				CLANG_WARN_RANGE_LOOP_ANALYSIS = YES;
				CLANG_WARN_STRICT_PROTOTYPES = YES;
				CLANG_WARN_SUSPICIOUS_MOVE = YES;
				CLANG_WARN_UNGUARDED_AVAILABILITY = YES_AGGRESSIVE;
				CLANG_WARN_UNREACHABLE_CODE = YES;
				CLANG_WARN__DUPLICATE_METHOD_MATCH = YES;
				COPY_PHASE_STRIP = NO;
				DEBUG_INFORMATION_FORMAT = dwarf;
				DEVELOPMENT_TEAM = 9X7XR5DT7P;
				ENABLE_STRICT_OBJC_MSGSEND = YES;
				ENABLE_TESTABILITY = YES;
				ENABLE_USER_SCRIPT_SANDBOXING = YES;
				GCC_C_LANGUAGE_STANDARD = gnu17;
				GCC_DYNAMIC_NO_PIC = NO;
				GCC_NO_COMMON_BLOCKS = YES;
				GCC_OPTIMIZATION_LEVEL = 0;
				GCC_PREPROCESSOR_DEFINITIONS = (
					"DEBUG=1",
					"$(inherited)",
				);
				GCC_WARN_64_TO_32_BIT_CONVERSION = YES;
				GCC_WARN_ABOUT_RETURN_TYPE = YES_ERROR;
				GCC_WARN_UNDECLARED_SELECTOR = YES;
				GCC_WARN_UNINITIALIZED_AUTOS = YES_AGGRESSIVE;
				GCC_WARN_UNUSED_FUNCTION = YES;
				GCC_WARN_UNUSED_VARIABLE = YES;
				IPHONEOS_DEPLOYMENT_TARGET = 18.5;
				LOCALIZATION_PREFERS_STRING_CATALOGS = YES;
				MTL_ENABLE_DEBUG_INFO = INCLUDE_SOURCE;
				MTL_FAST_MATH = YES;
				ONLY_ACTIVE_ARCH = YES;
				SDKROOT = iphoneos;
				SWIFT_ACTIVE_COMPILATION_CONDITIONS = "DEBUG $(inherited)";
				SWIFT_OPTIMIZATION_LEVEL = "-Onone";
			};
			name = Debug;
		};
		8C714C082E25EB4D0002CDCD /* Release */ = {
			isa = XCBuildConfiguration;
			buildSettings = {
				ALWAYS_SEARCH_USER_PATHS = NO;
				ASSETCATALOG_COMPILER_GENERATE_SWIFT_ASSET_SYMBOL_EXTENSIONS = YES;
				CLANG_ANALYZER_NONNULL = YES;
				CLANG_ANALYZER_NUMBER_OBJECT_CONVERSION = YES_AGGRESSIVE;
				CLANG_CXX_LANGUAGE_STANDARD = "gnu++20";
				CLANG_ENABLE_MODULES = YES;
				CLANG_ENABLE_OBJC_ARC = YES;
				CLANG_ENABLE_OBJC_WEAK = YES;
				CLANG_WARN_BLOCK_CAPTURE_AUTORELEASING = YES;
				CLANG_WARN_BOOL_CONVERSION = YES;
				CLANG_WARN_COMMA = YES;
				CLANG_WARN_CONSTANT_CONVERSION = YES;
				CLANG_WARN_DEPRECATED_OBJC_IMPLEMENTATIONS = YES;
				CLANG_WARN_DIRECT_OBJC_ISA_USAGE = YES_ERROR;
				CLANG_WARN_DOCUMENTATION_COMMENTS = YES;
				CLANG_WARN_EMPTY_BODY = YES;
				CLANG_WARN_ENUM_CONVERSION = YES;
				CLANG_WARN_INFINITE_RECURSION = YES;
				CLANG_WARN_INT_CONVERSION = YES;
				CLANG_WARN_NON_LITERAL_NULL_CONVERSION = YES;
				CLANG_WARN_OBJC_IMPLICIT_RETAIN_SELF = YES;
				CLANG_WARN_OBJC_LITERAL_CONVERSION = YES;
				CLANG_WARN_OBJC_ROOT_CLASS = YES_ERROR;
				CLANG_WARN_QUOTED_INCLUDE_IN_FRAMEWORK_HEADER = YES;
				CLANG_WARN_RANGE_LOOP_ANALYSIS = YES;
				CLANG_WARN_STRICT_PROTOTYPES = YES;
				CLANG_WARN_SUSPICIOUS_MOVE = YES;
				CLANG_WARN_UNGUARDED_AVAILABILITY = YES_AGGRESSIVE;
				CLANG_WARN_UNREACHABLE_CODE = YES;
				CLANG_WARN__DUPLICATE_METHOD_MATCH = YES;
				COPY_PHASE_STRIP = NO;
				DEBUG_INFORMATION_FORMAT = "dwarf-with-dsym";
				DEVELOPMENT_TEAM = 9X7XR5DT7P;
				ENABLE_NS_ASSERTIONS = NO;
				ENABLE_STRICT_OBJC_MSGSEND = YES;
				ENABLE_USER_SCRIPT_SANDBOXING = YES;
				GCC_C_LANGUAGE_STANDARD = gnu17;
				GCC_NO_COMMON_BLOCKS = YES;
				GCC_WARN_64_TO_32_BIT_CONVERSION = YES;
				GCC_WARN_ABOUT_RETURN_TYPE = YES_ERROR;
				GCC_WARN_UNDECLARED_SELECTOR = YES;
				GCC_WARN_UNINITIALIZED_AUTOS = YES_AGGRESSIVE;
				GCC_WARN_UNUSED_FUNCTION = YES;
				GCC_WARN_UNUSED_VARIABLE = YES;
				IPHONEOS_DEPLOYMENT_TARGET = 18.5;
				LOCALIZATION_PREFERS_STRING_CATALOGS = YES;
				MTL_ENABLE_DEBUG_INFO = NO;
				MTL_FAST_MATH = YES;
				SDKROOT = iphoneos;
				SWIFT_COMPILATION_MODE = wholemodule;
				VALIDATE_PRODUCT = YES;
			};
			name = Release;
		};
		8C714C0A2E25EB4D0002CDCD /* Debug */ = {
			isa = XCBuildConfiguration;
			buildSettings = {
				ASSETCATALOG_COMPILER_APPICON_NAME = AppIcon;
				ASSETCATALOG_COMPILER_GLOBAL_ACCENT_COLOR_NAME = AccentColor;
				CODE_SIGN_ENTITLEMENTS = SoloTravelSoul/SoloTravelSoul.entitlements;
				CODE_SIGN_STYLE = Automatic;
				CURRENT_PROJECT_VERSION = 1;
				DEVELOPMENT_TEAM = 9X7XR5DT7P;
				ENABLE_PREVIEWS = YES;
				GENERATE_INFOPLIST_FILE = YES;
				INFOPLIST_FILE = SoloTravelSoul/Info.plist;
				INFOPLIST_KEY_UIApplicationSceneManifest_Generation = YES;
				INFOPLIST_KEY_UIApplicationSupportsIndirectInputEvents = YES;
				INFOPLIST_KEY_UILaunchScreen_Generation = YES;
				INFOPLIST_KEY_UISupportedInterfaceOrientations_iPad = "UIInterfaceOrientationPortrait UIInterfaceOrientationPortraitUpsideDown UIInterfaceOrientationLandscapeLeft UIInterfaceOrientationLandscapeRight";
				INFOPLIST_KEY_UISupportedInterfaceOrientations_iPhone = "UIInterfaceOrientationPortrait UIInterfaceOrientationLandscapeLeft UIInterfaceOrientationLandscapeRight";
				INFOPLIST_KEY_UIUserInterfaceStyle = Light;
				LD_RUNPATH_SEARCH_PATHS = (
					"$(inherited)",
					"@executable_path/Frameworks",
				);
				MARKETING_VERSION = 1.0;
				NEW_SETTING = "";
				PRODUCT_BUNDLE_IDENTIFIER = Raviteja.SoloTravelSoul;
				PRODUCT_NAME = "$(TARGET_NAME)";
				SWIFT_EMIT_LOC_STRINGS = YES;
				SWIFT_VERSION = 5.0;
				TARGETED_DEVICE_FAMILY = "1,2";
			};
			name = Debug;
		};
		8C714C0B2E25EB4D0002CDCD /* Release */ = {
			isa = XCBuildConfiguration;
			buildSettings = {
				ASSETCATALOG_COMPILER_APPICON_NAME = AppIcon;
				ASSETCATALOG_COMPILER_GLOBAL_ACCENT_COLOR_NAME = AccentColor;
				CODE_SIGN_ENTITLEMENTS = SoloTravelSoul/SoloTravelSoul.entitlements;
				CODE_SIGN_STYLE = Automatic;
				CURRENT_PROJECT_VERSION = 1;
				DEVELOPMENT_TEAM = 9X7XR5DT7P;
				ENABLE_PREVIEWS = YES;
				GENERATE_INFOPLIST_FILE = YES;
				INFOPLIST_FILE = SoloTravelSoul/Info.plist;
				INFOPLIST_KEY_UIApplicationSceneManifest_Generation = YES;
				INFOPLIST_KEY_UIApplicationSupportsIndirectInputEvents = YES;
				INFOPLIST_KEY_UILaunchScreen_Generation = YES;
				INFOPLIST_KEY_UISupportedInterfaceOrientations_iPad = "UIInterfaceOrientationPortrait UIInterfaceOrientationPortraitUpsideDown UIInterfaceOrientationLandscapeLeft UIInterfaceOrientationLandscapeRight";
				INFOPLIST_KEY_UISupportedInterfaceOrientations_iPhone = "UIInterfaceOrientationPortrait UIInterfaceOrientationLandscapeLeft UIInterfaceOrientationLandscapeRight";
				INFOPLIST_KEY_UIUserInterfaceStyle = Light;
				LD_RUNPATH_SEARCH_PATHS = (
					"$(inherited)",
					"@executable_path/Frameworks",
				);
				MARKETING_VERSION = 1.0;
				NEW_SETTING = "";
				PRODUCT_BUNDLE_IDENTIFIER = Raviteja.SoloTravelSoul;
				PRODUCT_NAME = "$(TARGET_NAME)";
				SWIFT_EMIT_LOC_STRINGS = YES;
				SWIFT_VERSION = 5.0;
				TARGETED_DEVICE_FAMILY = "1,2";
			};
			name = Release;
		};
		8C714C0D2E25EB4D0002CDCD /* Debug */ = {
			isa = XCBuildConfiguration;
			buildSettings = {
				BUNDLE_LOADER = "$(TEST_HOST)";
				CODE_SIGN_STYLE = Automatic;
				CURRENT_PROJECT_VERSION = 1;
				DEVELOPMENT_TEAM = 9X7XR5DT7P;
				GENERATE_INFOPLIST_FILE = YES;
				IPHONEOS_DEPLOYMENT_TARGET = 18.5;
				MARKETING_VERSION = 1.0;
				PRODUCT_BUNDLE_IDENTIFIER = Raviteja.SoloTravelSoulTests;
				PRODUCT_NAME = "$(TARGET_NAME)";
				SWIFT_EMIT_LOC_STRINGS = NO;
				SWIFT_VERSION = 5.0;
				TARGETED_DEVICE_FAMILY = "1,2";
				TEST_HOST = "$(BUILT_PRODUCTS_DIR)/SoloTravelSoul.app/$(BUNDLE_EXECUTABLE_FOLDER_PATH)/SoloTravelSoul";
			};
			name = Debug;
		};
		8C714C0E2E25EB4D0002CDCD /* Release */ = {
			isa = XCBuildConfiguration;
			buildSettings = {
				BUNDLE_LOADER = "$(TEST_HOST)";
				CODE_SIGN_STYLE = Automatic;
				CURRENT_PROJECT_VERSION = 1;
				DEVELOPMENT_TEAM = 9X7XR5DT7P;
				GENERATE_INFOPLIST_FILE = YES;
				IPHONEOS_DEPLOYMENT_TARGET = 18.5;
				MARKETING_VERSION = 1.0;
				PRODUCT_BUNDLE_IDENTIFIER = Raviteja.SoloTravelSoulTests;
				PRODUCT_NAME = "$(TARGET_NAME)";
				SWIFT_EMIT_LOC_STRINGS = NO;
				SWIFT_VERSION = 5.0;
				TARGETED_DEVICE_FAMILY = "1,2";
				TEST_HOST = "$(BUILT_PRODUCTS_DIR)/SoloTravelSoul.app/$(BUNDLE_EXECUTABLE_FOLDER_PATH)/SoloTravelSoul";
			};
			name = Release;
		};
		8C714C102E25EB4D0002CDCD /* Debug */ = {
			isa = XCBuildConfiguration;
			buildSettings = {
				CODE_SIGN_STYLE = Automatic;
				CURRENT_PROJECT_VERSION = 1;
				DEVELOPMENT_TEAM = 9X7XR5DT7P;
				GENERATE_INFOPLIST_FILE = YES;
				MARKETING_VERSION = 1.0;
				PRODUCT_BUNDLE_IDENTIFIER = Raviteja.SoloTravelSoulUITests;
				PRODUCT_NAME = "$(TARGET_NAME)";
				SWIFT_EMIT_LOC_STRINGS = NO;
				SWIFT_VERSION = 5.0;
				TARGETED_DEVICE_FAMILY = "1,2";
				TEST_TARGET_NAME = SoloTravelSoul;
			};
			name = Debug;
		};
		8C714C112E25EB4D0002CDCD /* Release */ = {
			isa = XCBuildConfiguration;
			buildSettings = {
				CODE_SIGN_STYLE = Automatic;
				CURRENT_PROJECT_VERSION = 1;
				DEVELOPMENT_TEAM = 9X7XR5DT7P;
				GENERATE_INFOPLIST_FILE = YES;
				MARKETING_VERSION = 1.0;
				PRODUCT_BUNDLE_IDENTIFIER = Raviteja.SoloTravelSoulUITests;
				PRODUCT_NAME = "$(TARGET_NAME)";
				SWIFT_EMIT_LOC_STRINGS = NO;
				SWIFT_VERSION = 5.0;
				TARGETED_DEVICE_FAMILY = "1,2";
				TEST_TARGET_NAME = SoloTravelSoul;
			};
			name = Release;
		};
/* End XCBuildConfiguration section */

/* Begin XCConfigurationList section */
		8C714BE32E25EB480002CDCD /* Build configuration list for PBXProject "SoloTravelSoul" */ = {
			isa = XCConfigurationList;
			buildConfigurations = (
				8C714C072E25EB4D0002CDCD /* Debug */,
				8C714C082E25EB4D0002CDCD /* Release */,
			);
			defaultConfigurationIsVisible = 0;
			defaultConfigurationName = Release;
		};
		8C714C092E25EB4D0002CDCD /* Build configuration list for PBXNativeTarget "SoloTravelSoul" */ = {
			isa = XCConfigurationList;
			buildConfigurations = (
				8C714C0A2E25EB4D0002CDCD /* Debug */,
				8C714C0B2E25EB4D0002CDCD /* Release */,
			);
			defaultConfigurationIsVisible = 0;
			defaultConfigurationName = Release;
		};
		8C714C0C2E25EB4D0002CDCD /* Build configuration list for PBXNativeTarget "SoloTravelSoulTests" */ = {
			isa = XCConfigurationList;
			buildConfigurations = (
				8C714C0D2E25EB4D0002CDCD /* Debug */,
				8C714C0E2E25EB4D0002CDCD /* Release */,
			);
			defaultConfigurationIsVisible = 0;
			defaultConfigurationName = Release;
		};
		8C714C0F2E25EB4D0002CDCD /* Build configuration list for PBXNativeTarget "SoloTravelSoulUITests" */ = {
			isa = XCConfigurationList;
			buildConfigurations = (
				8C714C102E25EB4D0002CDCD /* Debug */,
				8C714C112E25EB4D0002CDCD /* Release */,
			);
			defaultConfigurationIsVisible = 0;
			defaultConfigurationName = Release;
		};
/* End XCConfigurationList section */

/* Begin XCRemoteSwiftPackageReference section */
		3A83CDB42E5C1E500059B67F /* XCRemoteSwiftPackageReference "firebase-ios-sdk" */ = {
			isa = XCRemoteSwiftPackageReference;
			repositoryURL = "https://github.com/firebase/firebase-ios-sdk";
			requirement = {
				kind = upToNextMajorVersion;
				minimumVersion = 12.1.0;
			};
		};
		8CAA0E152E2DFD6E0015B571 /* XCRemoteSwiftPackageReference "ios-places-sdk" */ = {
			isa = XCRemoteSwiftPackageReference;
			repositoryURL = "https://github.com/googlemaps/ios-places-sdk";
			requirement = {
				kind = upToNextMajorVersion;
				minimumVersion = 10.1.0;
			};
		};
/* End XCRemoteSwiftPackageReference section */

/* Begin XCSwiftPackageProductDependency section */
		3A83CDB52E5C1E500059B67F /* FirebaseAuth */ = {
			isa = XCSwiftPackageProductDependency;
			package = 3A83CDB42E5C1E500059B67F /* XCRemoteSwiftPackageReference "firebase-ios-sdk" */;
			productName = FirebaseAuth;
		};
		3A83CDB72E5C1E500059B67F /* FirebaseCore */ = {
			isa = XCSwiftPackageProductDependency;
			package = 3A83CDB42E5C1E500059B67F /* XCRemoteSwiftPackageReference "firebase-ios-sdk" */;
			productName = FirebaseCore;
		};
		3A83CDB92E5C1E500059B67F /* FirebaseFirestore */ = {
			isa = XCSwiftPackageProductDependency;
			package = 3A83CDB42E5C1E500059B67F /* XCRemoteSwiftPackageReference "firebase-ios-sdk" */;
			productName = FirebaseFirestore;
		};
		3A83CDBB2E5C1E500059B67F /* FirebaseMessaging */ = {
			isa = XCSwiftPackageProductDependency;
			package = 3A83CDB42E5C1E500059B67F /* XCRemoteSwiftPackageReference "firebase-ios-sdk" */;
			productName = FirebaseMessaging;
		};
		3A83CDBD2E5C1E500059B67F /* FirebaseStorage */ = {
			isa = XCSwiftPackageProductDependency;
			package = 3A83CDB42E5C1E500059B67F /* XCRemoteSwiftPackageReference "firebase-ios-sdk" */;
			productName = FirebaseStorage;
		};
		8CAA0E162E2DFD6E0015B571 /* GooglePlaces */ = {
			isa = XCSwiftPackageProductDependency;
			package = 8CAA0E152E2DFD6E0015B571 /* XCRemoteSwiftPackageReference "ios-places-sdk" */;
			productName = GooglePlaces;
		};
/* End XCSwiftPackageProductDependency section */
	};
	rootObject = 8C714BE02E25EB480002CDCD /* Project object */;
}
