// !$*UTF8*$!
{
	archiveVersion = 1;
	classes = {
	};
	objectVersion = 77;
	objects = {

/* Begin PBXBuildFile section */
		8C02E0FD2E29BE8E000C4AA9 /* GooglePlacesService.swift in Sources */ = {isa = PBXBuildFile; fileRef = 8C02E0FC2E29BE8E000C4AA9 /* GooglePlacesService.swift */; };
		8C02E0FF2E29C36B000C4AA9 /* PlaceSearchView.swift in Sources */ = {isa = PBXBuildFile; fileRef = 8C02E0FE2E29C36B000C4AA9 /* PlaceSearchView.swift */; };
		8C9D1B742E260BDF00858387 /* ContentView.swift in Sources */ = {isa = PBXBuildFile; fileRef = 8C714C1A2E25F09D0002CDCD /* ContentView.swift */; };
		8C9D1B7A2E273E1A00858387 /* AuthHomeView.swift in Sources */ = {isa = PBXBuildFile; fileRef = 8C9D1B792E273E1A00858387 /* AuthHomeView.swift */; };
		8C9D1B832E27479F00858387 /* Trip.swift in Sources */ = {isa = PBXBuildFile; fileRef = 8C9D1B7B2E27444400858387 /* Trip.swift */; };
		8C9D1B852E27492C00858387 /* PlannedTrip.swift in Sources */ = {isa = PBXBuildFile; fileRef = 8C9D1B842E27492C00858387 /* PlannedTrip.swift */; };
		8C9D1B8D2E274ADE00858387 /* RootTabView.swift in Sources */ = {isa = PBXBuildFile; fileRef = 8C9D1B8C2E274ADE00858387 /* RootTabView.swift */; };
		8C9D1B982E27677B00858387 /* Info.plist in Resources */ = {isa = PBXBuildFile; fileRef = 8C9D1B972E27677B00858387 /* Info.plist */; };
		8C9D1B9A2E276ECD00858387 /* Attraction.swift in Sources */ = {isa = PBXBuildFile; fileRef = 8C9D1B992E276ECD00858387 /* Attraction.swift */; };
		8C9D1BA42E27792800858387 /* PlacesService.swift in Sources */ = {isa = PBXBuildFile; fileRef = 8C9D1B9E2E27707500858387 /* PlacesService.swift */; };
		8C9D1BAA2E277DC700858387 /* HomeView.swift in Sources */ = {isa = PBXBuildFile; fileRef = 8C9D1BA92E277DC700858387 /* HomeView.swift */; };
		8CDB23192E28AF5500949D00 /* ExploreView.swift in Sources */ = {isa = PBXBuildFile; fileRef = 8CDB23182E28AF5500949D00 /* ExploreView.swift */; };
		8CDB231B2E28B0CD00949D00 /* TripsView.swift in Sources */ = {isa = PBXBuildFile; fileRef = 8CDB231A2E28B0CD00949D00 /* TripsView.swift */; };
		8CDB231D2E28BADA00949D00 /* CarouselView.swift in Sources */ = {isa = PBXBuildFile; fileRef = 8CDB231C2E28BADA00949D00 /* CarouselView.swift */; };
/* End PBXBuildFile section */

/* Begin PBXContainerItemProxy section */
		8C714BF62E25EB4C0002CDCD /* PBXContainerItemProxy */ = {
			isa = PBXContainerItemProxy;
			containerPortal = 8C714BE02E25EB480002CDCD /* Project object */;
			proxyType = 1;
			remoteGlobalIDString = 8C714BE72E25EB480002CDCD;
			remoteInfo = SoloTravelSoul;
		};
		8C714C002E25EB4D0002CDCD /* PBXContainerItemProxy */ = {
			isa = PBXContainerItemProxy;
			containerPortal = 8C714BE02E25EB480002CDCD /* Project object */;
			proxyType = 1;
			remoteGlobalIDString = 8C714BE72E25EB480002CDCD;
			remoteInfo = SoloTravelSoul;
		};
/* End PBXContainerItemProxy section */

/* Begin PBXFileReference section */
		8C02E0FC2E29BE8E000C4AA9 /* GooglePlacesService.swift */ = {isa = PBXFileReference; lastKnownFileType = sourcecode.swift; path = GooglePlacesService.swift; sourceTree = "<group>"; };
		8C02E0FE2E29C36B000C4AA9 /* PlaceSearchView.swift */ = {isa = PBXFileReference; lastKnownFileType = sourcecode.swift; path = PlaceSearchView.swift; sourceTree = "<group>"; };
		8C714BE82E25EB480002CDCD /* SoloTravelSoul.app */ = {isa = PBXFileReference; explicitFileType = wrapper.application; includeInIndex = 0; path = SoloTravelSoul.app; sourceTree = BUILT_PRODUCTS_DIR; };
		8C714BF52E25EB4C0002CDCD /* SoloTravelSoulTests.xctest */ = {isa = PBXFileReference; explicitFileType = wrapper.cfbundle; includeInIndex = 0; path = SoloTravelSoulTests.xctest; sourceTree = BUILT_PRODUCTS_DIR; };
		8C714BFF2E25EB4D0002CDCD /* SoloTravelSoulUITests.xctest */ = {isa = PBXFileReference; explicitFileType = wrapper.cfbundle; includeInIndex = 0; path = SoloTravelSoulUITests.xctest; sourceTree = BUILT_PRODUCTS_DIR; };
		8C714C1A2E25F09D0002CDCD /* ContentView.swift */ = {isa = PBXFileReference; lastKnownFileType = sourcecode.swift; path = ContentView.swift; sourceTree = "<group>"; };
		8C9D1B792E273E1A00858387 /* AuthHomeView.swift */ = {isa = PBXFileReference; lastKnownFileType = sourcecode.swift; path = AuthHomeView.swift; sourceTree = "<group>"; };
		8C9D1B7B2E27444400858387 /* Trip.swift */ = {isa = PBXFileReference; lastKnownFileType = sourcecode.swift; path = Trip.swift; sourceTree = "<group>"; };
		8C9D1B842E27492C00858387 /* PlannedTrip.swift */ = {isa = PBXFileReference; lastKnownFileType = sourcecode.swift; path = PlannedTrip.swift; sourceTree = "<group>"; };
		8C9D1B8C2E274ADE00858387 /* RootTabView.swift */ = {isa = PBXFileReference; lastKnownFileType = sourcecode.swift; path = RootTabView.swift; sourceTree = "<group>"; };
		8C9D1B962E27677B00858387 /* Base */ = {isa = PBXFileReference; lastKnownFileType = text.plist.xml; name = Base; path = Base.lproj/Info.plist; sourceTree = "<group>"; };
		8C9D1B992E276ECD00858387 /* Attraction.swift */ = {isa = PBXFileReference; lastKnownFileType = sourcecode.swift; path = Attraction.swift; sourceTree = "<group>"; };
		8C9D1B9E2E27707500858387 /* PlacesService.swift */ = {isa = PBXFileReference; lastKnownFileType = sourcecode.swift; path = PlacesService.swift; sourceTree = "<group>"; };
		8C9D1BA92E277DC700858387 /* HomeView.swift */ = {isa = PBXFileReference; lastKnownFileType = sourcecode.swift; path = HomeView.swift; sourceTree = "<group>"; };
		8CDB23182E28AF5500949D00 /* ExploreView.swift */ = {isa = PBXFileReference; lastKnownFileType = sourcecode.swift; path = ExploreView.swift; sourceTree = "<group>"; };
		8CDB231A2E28B0CD00949D00 /* TripsView.swift */ = {isa = PBXFileReference; lastKnownFileType = sourcecode.swift; path = TripsView.swift; sourceTree = "<group>"; };
		8CDB231C2E28BADA00949D00 /* CarouselView.swift */ = {isa = PBXFileReference; lastKnownFileType = sourcecode.swift; path = CarouselView.swift; sourceTree = "<group>"; };
/* End PBXFileReference section */

/* Begin PBXFileSystemSynchronizedRootGroup section */
		8C714BEA2E25EB480002CDCD /* SoloTravelSoul */ = {
			isa = PBXFileSystemSynchronizedRootGroup;
			path = SoloTravelSoul;
			sourceTree = "<group>";
		};
		8C714BF82E25EB4D0002CDCD /* SoloTravelSoulTests */ = {
			isa = PBXFileSystemSynchronizedRootGroup;
			path = SoloTravelSoulTests;
			sourceTree = "<group>";
		};
		8C714C022E25EB4D0002CDCD /* SoloTravelSoulUITests */ = {
			isa = PBXFileSystemSynchronizedRootGroup;
			path = SoloTravelSoulUITests;
			sourceTree = "<group>";
		};
		8C9D1B7E2E27449500858387 /* Trips */ = {
			isa = PBXFileSystemSynchronizedRootGroup;
			path = Trips;
			sourceTree = "<group>";
		};
		8C9D1B9B2E276F1000858387 /* Data */ = {
			isa = PBXFileSystemSynchronizedRootGroup;
			path = Data;
			sourceTree = "<group>";
		};
		8C9D1B9F2E27773D00858387 /* Discover */ = {
			isa = PBXFileSystemSynchronizedRootGroup;
			path = Discover;
			sourceTree = "<group>";
		};
		8C9D1BAB2E277DF900858387 /* Profile */ = {
			isa = PBXFileSystemSynchronizedRootGroup;
			path = Profile;
			sourceTree = "<group>";
		};
/* End PBXFileSystemSynchronizedRootGroup section */

/* Begin PBXFrameworksBuildPhase section */
		8C714BE52E25EB480002CDCD /* Frameworks */ = {
			isa = PBXFrameworksBuildPhase;
			buildActionMask = 2147483647;
			files = (
			);
			runOnlyForDeploymentPostprocessing = 0;
		};
		8C714BF22E25EB4C0002CDCD /* Frameworks */ = {
			isa = PBXFrameworksBuildPhase;
			buildActionMask = 2147483647;
			files = (
			);
			runOnlyForDeploymentPostprocessing = 0;
		};
		8C714BFC2E25EB4D0002CDCD /* Frameworks */ = {
			isa = PBXFrameworksBuildPhase;
			buildActionMask = 2147483647;
			files = (
			);
			runOnlyForDeploymentPostprocessing = 0;
		};
/* End PBXFrameworksBuildPhase section */

/* Begin PBXGroup section */
		8C714BDF2E25EB480002CDCD = {
			isa = PBXGroup;
			children = (
				8C9D1B9B2E276F1000858387 /* Data */,
				8C9D1B972E27677B00858387 /* Info.plist */,
				8C714C162E25EBEB0002CDCD /* Services */,
				8C714C152E25EBDC0002CDCD /* Helpers */,
				8C714C142E25EBD00002CDCD /* ViewModels */,
				8C714C132E25EB970002CDCD /* Models */,
				8C714C122E25EB7E0002CDCD /* Views */,
				8C714BEA2E25EB480002CDCD /* SoloTravelSoul */,
				8C714BF82E25EB4D0002CDCD /* SoloTravelSoulTests */,
				8C714C022E25EB4D0002CDCD /* SoloTravelSoulUITests */,
				8C714BE92E25EB480002CDCD /* Products */,
			);
			sourceTree = "<group>";
		};
		8C714BE92E25EB480002CDCD /* Products */ = {
			isa = PBXGroup;
			children = (
				8C714BE82E25EB480002CDCD /* SoloTravelSoul.app */,
				8C714BF52E25EB4C0002CDCD /* SoloTravelSoulTests.xctest */,
				8C714BFF2E25EB4D0002CDCD /* SoloTravelSoulUITests.xctest */,
			);
			name = Products;
			sourceTree = "<group>";
		};
		8C714C122E25EB7E0002CDCD /* Views */ = {
			isa = PBXGroup;
			children = (
				8C02E0FE2E29C36B000C4AA9 /* PlaceSearchView.swift */,
				8C9D1BAB2E277DF900858387 /* Profile */,
				8C9D1B9F2E27773D00858387 /* Discover */,
				8C9D1B7E2E27449500858387 /* Trips */,
				8C714C172E25EC0E0002CDCD /* Home */,
			);
			path = Views;
			sourceTree = "<group>";
		};
		8C714C132E25EB970002CDCD /* Models */ = {
			isa = PBXGroup;
			children = (
				8C9D1B992E276ECD00858387 /* Attraction.swift */,
				8C9D1B842E27492C00858387 /* PlannedTrip.swift */,
				8C9D1B7B2E27444400858387 /* Trip.swift */,
			);
			path = Models;
			sourceTree = "<group>";
		};
		8C714C142E25EBD00002CDCD /* ViewModels */ = {
			isa = PBXGroup;
			children = (
			);
			path = ViewModels;
			sourceTree = "<group>";
		};
		8C714C152E25EBDC0002CDCD /* Helpers */ = {
			isa = PBXGroup;
			children = (
			);
			path = Helpers;
			sourceTree = "<group>";
		};
		8C714C162E25EBEB0002CDCD /* Services */ = {
			isa = PBXGroup;
			children = (
				8C02E0FC2E29BE8E000C4AA9 /* GooglePlacesService.swift */,
				8C9D1B9E2E27707500858387 /* PlacesService.swift */,
			);
			path = Services;
			sourceTree = "<group>";
		};
		8C714C172E25EC0E0002CDCD /* Home */ = {
			isa = PBXGroup;
			children = (
				8CDB231C2E28BADA00949D00 /* CarouselView.swift */,
				8CDB231A2E28B0CD00949D00 /* TripsView.swift */,
				8CDB23182E28AF5500949D00 /* ExploreView.swift */,
				8C9D1BA92E277DC700858387 /* HomeView.swift */,
				8C9D1B8C2E274ADE00858387 /* RootTabView.swift */,
				8C9D1B792E273E1A00858387 /* AuthHomeView.swift */,
				8C714C1A2E25F09D0002CDCD /* ContentView.swift */,
			);
			path = Home;
			sourceTree = "<group>";
		};
/* End PBXGroup section */

/* Begin PBXNativeTarget section */
		8C714BE72E25EB480002CDCD /* SoloTravelSoul */ = {
			isa = PBXNativeTarget;
			buildConfigurationList = 8C714C092E25EB4D0002CDCD /* Build configuration list for PBXNativeTarget "SoloTravelSoul" */;
			buildPhases = (
				8C714BE42E25EB480002CDCD /* Sources */,
				8C714BE52E25EB480002CDCD /* Frameworks */,
				8C714BE62E25EB480002CDCD /* Resources */,
			);
			buildRules = (
			);
			dependencies = (
			);
			fileSystemSynchronizedGroups = (
				8C714BEA2E25EB480002CDCD /* SoloTravelSoul */,
				8C9D1B7E2E27449500858387 /* Trips */,
				8C9D1B9B2E276F1000858387 /* Data */,
				8C9D1B9F2E27773D00858387 /* Discover */,
				8C9D1BAB2E277DF900858387 /* Profile */,
			);
			name = SoloTravelSoul;
			packageProductDependencies = (
			);
			productName = SoloTravelSoul;
			productReference = 8C714BE82E25EB480002CDCD /* SoloTravelSoul.app */;
			productType = "com.apple.product-type.application";
		};
		8C714BF42E25EB4C0002CDCD /* SoloTravelSoulTests */ = {
			isa = PBXNativeTarget;
			buildConfigurationList = 8C714C0C2E25EB4D0002CDCD /* Build configuration list for PBXNativeTarget "SoloTravelSoulTests" */;
			buildPhases = (
				8C714BF12E25EB4C0002CDCD /* Sources */,
				8C714BF22E25EB4C0002CDCD /* Frameworks */,
				8C714BF32E25EB4C0002CDCD /* Resources */,
			);
			buildRules = (
			);
			dependencies = (
				8C714BF72E25EB4C0002CDCD /* PBXTargetDependency */,
			);
			fileSystemSynchronizedGroups = (
				8C714BF82E25EB4D0002CDCD /* SoloTravelSoulTests */,
			);
			name = SoloTravelSoulTests;
			packageProductDependencies = (
			);
			productName = SoloTravelSoulTests;
			productReference = 8C714BF52E25EB4C0002CDCD /* SoloTravelSoulTests.xctest */;
			productType = "com.apple.product-type.bundle.unit-test";
		};
		8C714BFE2E25EB4D0002CDCD /* SoloTravelSoulUITests */ = {
			isa = PBXNativeTarget;
			buildConfigurationList = 8C714C0F2E25EB4D0002CDCD /* Build configuration list for PBXNativeTarget "SoloTravelSoulUITests" */;
			buildPhases = (
				8C714BFB2E25EB4D0002CDCD /* Sources */,
				8C714BFC2E25EB4D0002CDCD /* Frameworks */,
				8C714BFD2E25EB4D0002CDCD /* Resources */,
			);
			buildRules = (
			);
			dependencies = (
				8C714C012E25EB4D0002CDCD /* PBXTargetDependency */,
			);
			fileSystemSynchronizedGroups = (
				8C714C022E25EB4D0002CDCD /* SoloTravelSoulUITests */,
			);
			name = SoloTravelSoulUITests;
			packageProductDependencies = (
			);
			productName = SoloTravelSoulUITests;
			productReference = 8C714BFF2E25EB4D0002CDCD /* SoloTravelSoulUITests.xctest */;
			productType = "com.apple.product-type.bundle.ui-testing";
		};
/* End PBXNativeTarget section */

/* Begin PBXProject section */
		8C714BE02E25EB480002CDCD /* Project object */ = {
			isa = PBXProject;
			attributes = {
				BuildIndependentTargetsInParallel = 1;
				LastSwiftUpdateCheck = 1640;
				LastUpgradeCheck = 1640;
				TargetAttributes = {
					8C714BE72E25EB480002CDCD = {
						CreatedOnToolsVersion = 16.4;
					};
					8C714BF42E25EB4C0002CDCD = {
						CreatedOnToolsVersion = 16.4;
						TestTargetID = 8C714BE72E25EB480002CDCD;
					};
					8C714BFE2E25EB4D0002CDCD = {
						CreatedOnToolsVersion = 16.4;
						TestTargetID = 8C714BE72E25EB480002CDCD;
					};
				};
			};
			buildConfigurationList = 8C714BE32E25EB480002CDCD /* Build configuration list for PBXProject "SoloTravelSoul" */;
			developmentRegion = en;
			hasScannedForEncodings = 0;
			knownRegions = (
				en,
				Base,
			);
			mainGroup = 8C714BDF2E25EB480002CDCD;
			minimizedProjectReferenceProxies = 1;
			preferredProjectObjectVersion = 77;
			productRefGroup = 8C714BE92E25EB480002CDCD /* Products */;
			projectDirPath = "";
			projectRoot = "";
			targets = (
				8C714BE72E25EB480002CDCD /* SoloTravelSoul */,
				8C714BF42E25EB4C0002CDCD /* SoloTravelSoulTests */,
				8C714BFE2E25EB4D0002CDCD /* SoloTravelSoulUITests */,
			);
		};
/* End PBXProject section */

/* Begin PBXResourcesBuildPhase section */
		8C714BE62E25EB480002CDCD /* Resources */ = {
			isa = PBXResourcesBuildPhase;
			buildActionMask = 2147483647;
			files = (
				8C9D1B982E27677B00858387 /* Info.plist in Resources */,
			);
			runOnlyForDeploymentPostprocessing = 0;
		};
		8C714BF32E25EB4C0002CDCD /* Resources */ = {
			isa = PBXResourcesBuildPhase;
			buildActionMask = 2147483647;
			files = (
			);
			runOnlyForDeploymentPostprocessing = 0;
		};
		8C714BFD2E25EB4D0002CDCD /* Resources */ = {
			isa = PBXResourcesBuildPhase;
			buildActionMask = 2147483647;
			files = (
			);
			runOnlyForDeploymentPostprocessing = 0;
		};
/* End PBXResourcesBuildPhase section */

/* Begin PBXSourcesBuildPhase section */
		8C714BE42E25EB480002CDCD /* Sources */ = {
			isa = PBXSourcesBuildPhase;
			buildActionMask = 2147483647;
			files = (
				8C9D1BA42E27792800858387 /* PlacesService.swift in Sources */,
				8C9D1B8D2E274ADE00858387 /* RootTabView.swift in Sources */,
				8C9D1B852E27492C00858387 /* PlannedTrip.swift in Sources */,
				8C9D1B9A2E276ECD00858387 /* Attraction.swift in Sources */,
				8C9D1B832E27479F00858387 /* Trip.swift in Sources */,
				8C9D1B7A2E273E1A00858387 /* AuthHomeView.swift in Sources */,
				8C9D1B742E260BDF00858387 /* ContentView.swift in Sources */,
				8C02E0FD2E29BE8E000C4AA9 /* GooglePlacesService.swift in Sources */,
				8C9D1BAA2E277DC700858387 /* HomeView.swift in Sources */,
				8CDB231D2E28BADA00949D00 /* CarouselView.swift in Sources */,
				8CDB23192E28AF5500949D00 /* ExploreView.swift in Sources */,
				8CDB231B2E28B0CD00949D00 /* TripsView.swift in Sources */,
				8C02E0FF2E29C36B000C4AA9 /* PlaceSearchView.swift in Sources */,
			);
			runOnlyForDeploymentPostprocessing = 0;
		};
		8C714BF12E25EB4C0002CDCD /* Sources */ = {
			isa = PBXSourcesBuildPhase;
			buildActionMask = 2147483647;
			files = (
			);
			runOnlyForDeploymentPostprocessing = 0;
		};
		8C714BFB2E25EB4D0002CDCD /* Sources */ = {
			isa = PBXSourcesBuildPhase;
			buildActionMask = 2147483647;
			files = (
			);
			runOnlyForDeploymentPostprocessing = 0;
		};
/* End PBXSourcesBuildPhase section */

/* Begin PBXTargetDependency section */
		8C714BF72E25EB4C0002CDCD /* PBXTargetDependency */ = {
			isa = PBXTargetDependency;
			target = 8C714BE72E25EB480002CDCD /* SoloTravelSoul */;
			targetProxy = 8C714BF62E25EB4C0002CDCD /* PBXContainerItemProxy */;
		};
		8C714C012E25EB4D0002CDCD /* PBXTargetDependency */ = {
			isa = PBXTargetDependency;
			target = 8C714BE72E25EB480002CDCD /* SoloTravelSoul */;
			targetProxy = 8C714C002E25EB4D0002CDCD /* PBXContainerItemProxy */;
		};
/* End PBXTargetDependency section */

/* Begin PBXVariantGroup section */
		8C9D1B972E27677B00858387 /* Info.plist */ = {
			isa = PBXVariantGroup;
			children = (
				8C9D1B962E27677B00858387 /* Base */,
			);
			name = Info.plist;
			sourceTree = "<group>";
		};
/* End PBXVariantGroup section */

/* Begin XCBuildConfiguration section */
		8C714C072E25EB4D0002CDCD /* Debug */ = {
			isa = XCBuildConfiguration;
			buildSettings = {
				ALWAYS_SEARCH_USER_PATHS = NO;
				ASSETCATALOG_COMPILER_GENERATE_SWIFT_ASSET_SYMBOL_EXTENSIONS = YES;
				CLANG_ANALYZER_NONNULL = YES;
				CLANG_ANALYZER_NUMBER_OBJECT_CONVERSION = YES_AGGRESSIVE;
				CLANG_CXX_LANGUAGE_STANDARD = "gnu++20";
				CLANG_ENABLE_MODULES = YES;
				CLANG_ENABLE_OBJC_ARC = YES;
				CLANG_ENABLE_OBJC_WEAK = YES;
				CLANG_WARN_BLOCK_CAPTURE_AUTORELEASING = YES;
				CLANG_WARN_BOOL_CONVERSION = YES;
				CLANG_WARN_COMMA = YES;
				CLANG_WARN_CONSTANT_CONVERSION = YES;
				CLANG_WARN_DEPRECATED_OBJC_IMPLEMENTATIONS = YES;
				CLANG_WARN_DIRECT_OBJC_ISA_USAGE = YES_ERROR;
				CLANG_WARN_DOCUMENTATION_COMMENTS = YES;
				CLANG_WARN_EMPTY_BODY = YES;
				CLANG_WARN_ENUM_CONVERSION = YES;
				CLANG_WARN_INFINITE_RECURSION = YES;
				CLANG_WARN_INT_CONVERSION = YES;
				CLANG_WARN_NON_LITERAL_NULL_CONVERSION = YES;
				CLANG_WARN_OBJC_IMPLICIT_RETAIN_SELF = YES;
				CLANG_WARN_OBJC_LITERAL_CONVERSION = YES;
				CLANG_WARN_OBJC_ROOT_CLASS = YES_ERROR;
				CLANG_WARN_QUOTED_INCLUDE_IN_FRAMEWORK_HEADER = YES;
				CLANG_WARN_RANGE_LOOP_ANALYSIS = YES;
				CLANG_WARN_STRICT_PROTOTYPES = YES;
				CLANG_WARN_SUSPICIOUS_MOVE = YES;
				CLANG_WARN_UNGUARDED_AVAILABILITY = YES_AGGRESSIVE;
				CLANG_WARN_UNREACHABLE_CODE = YES;
				CLANG_WARN__DUPLICATE_METHOD_MATCH = YES;
				COPY_PHASE_STRIP = NO;
				DEBUG_INFORMATION_FORMAT = dwarf;
				DEVELOPMENT_TEAM = 9X7XR5DT7P;
				ENABLE_STRICT_OBJC_MSGSEND = YES;
				ENABLE_TESTABILITY = YES;
				ENABLE_USER_SCRIPT_SANDBOXING = YES;
				GCC_C_LANGUAGE_STANDARD = gnu17;
				GCC_DYNAMIC_NO_PIC = NO;
				GCC_NO_COMMON_BLOCKS = YES;
				GCC_OPTIMIZATION_LEVEL = 0;
				GCC_PREPROCESSOR_DEFINITIONS = (
					"DEBUG=1",
					"$(inherited)",
				);
				GCC_WARN_64_TO_32_BIT_CONVERSION = YES;
				GCC_WARN_ABOUT_RETURN_TYPE = YES_ERROR;
				GCC_WARN_UNDECLARED_SELECTOR = YES;
				GCC_WARN_UNINITIALIZED_AUTOS = YES_AGGRESSIVE;
				GCC_WARN_UNUSED_FUNCTION = YES;
				GCC_WARN_UNUSED_VARIABLE = YES;
				IPHONEOS_DEPLOYMENT_TARGET = 18.5;
				LOCALIZATION_PREFERS_STRING_CATALOGS = YES;
				MTL_ENABLE_DEBUG_INFO = INCLUDE_SOURCE;
				MTL_FAST_MATH = YES;
				ONLY_ACTIVE_ARCH = YES;
				SDKROOT = iphoneos;
				SWIFT_ACTIVE_COMPILATION_CONDITIONS = "DEBUG $(inherited)";
				SWIFT_OPTIMIZATION_LEVEL = "-Onone";
			};
			name = Debug;
		};
		8C714C082E25EB4D0002CDCD /* Release */ = {
			isa = XCBuildConfiguration;
			buildSettings = {
				ALWAYS_SEARCH_USER_PATHS = NO;
				ASSETCATALOG_COMPILER_GENERATE_SWIFT_ASSET_SYMBOL_EXTENSIONS = YES;
				CLANG_ANALYZER_NONNULL = YES;
				CLANG_ANALYZER_NUMBER_OBJECT_CONVERSION = YES_AGGRESSIVE;
				CLANG_CXX_LANGUAGE_STANDARD = "gnu++20";
				CLANG_ENABLE_MODULES = YES;
				CLANG_ENABLE_OBJC_ARC = YES;
				CLANG_ENABLE_OBJC_WEAK = YES;
				CLANG_WARN_BLOCK_CAPTURE_AUTORELEASING = YES;
				CLANG_WARN_BOOL_CONVERSION = YES;
				CLANG_WARN_COMMA = YES;
				CLANG_WARN_CONSTANT_CONVERSION = YES;
				CLANG_WARN_DEPRECATED_OBJC_IMPLEMENTATIONS = YES;
				CLANG_WARN_DIRECT_OBJC_ISA_USAGE = YES_ERROR;
				CLANG_WARN_DOCUMENTATION_COMMENTS = YES;
				CLANG_WARN_EMPTY_BODY = YES;
				CLANG_WARN_ENUM_CONVERSION = YES;
				CLANG_WARN_INFINITE_RECURSION = YES;
				CLANG_WARN_INT_CONVERSION = YES;
				CLANG_WARN_NON_LITERAL_NULL_CONVERSION = YES;
				CLANG_WARN_OBJC_IMPLICIT_RETAIN_SELF = YES;
				CLANG_WARN_OBJC_LITERAL_CONVERSION = YES;
				CLANG_WARN_OBJC_ROOT_CLASS = YES_ERROR;
				CLANG_WARN_QUOTED_INCLUDE_IN_FRAMEWORK_HEADER = YES;
				CLANG_WARN_RANGE_LOOP_ANALYSIS = YES;
				CLANG_WARN_STRICT_PROTOTYPES = YES;
				CLANG_WARN_SUSPICIOUS_MOVE = YES;
				CLANG_WARN_UNGUARDED_AVAILABILITY = YES_AGGRESSIVE;
				CLANG_WARN_UNREACHABLE_CODE = YES;
				CLANG_WARN__DUPLICATE_METHOD_MATCH = YES;
				COPY_PHASE_STRIP = NO;
				DEBUG_INFORMATION_FORMAT = "dwarf-with-dsym";
				DEVELOPMENT_TEAM = 9X7XR5DT7P;
				ENABLE_NS_ASSERTIONS = NO;
				ENABLE_STRICT_OBJC_MSGSEND = YES;
				ENABLE_USER_SCRIPT_SANDBOXING = YES;
				GCC_C_LANGUAGE_STANDARD = gnu17;
				GCC_NO_COMMON_BLOCKS = YES;
				GCC_WARN_64_TO_32_BIT_CONVERSION = YES;
				GCC_WARN_ABOUT_RETURN_TYPE = YES_ERROR;
				GCC_WARN_UNDECLARED_SELECTOR = YES;
				GCC_WARN_UNINITIALIZED_AUTOS = YES_AGGRESSIVE;
				GCC_WARN_UNUSED_FUNCTION = YES;
				GCC_WARN_UNUSED_VARIABLE = YES;
				IPHONEOS_DEPLOYMENT_TARGET = 18.5;
				LOCALIZATION_PREFERS_STRING_CATALOGS = YES;
				MTL_ENABLE_DEBUG_INFO = NO;
				MTL_FAST_MATH = YES;
				SDKROOT = iphoneos;
				SWIFT_COMPILATION_MODE = wholemodule;
				VALIDATE_PRODUCT = YES;
			};
			name = Release;
		};
		8C714C0A2E25EB4D0002CDCD /* Debug */ = {
			isa = XCBuildConfiguration;
			buildSettings = {
				ASSETCATALOG_COMPILER_APPICON_NAME = AppIcon;
				ASSETCATALOG_COMPILER_GLOBAL_ACCENT_COLOR_NAME = AccentColor;
				CODE_SIGN_STYLE = Automatic;
				CURRENT_PROJECT_VERSION = 1;
				DEVELOPMENT_TEAM = 9X7XR5DT7P;
				ENABLE_PREVIEWS = YES;
				GENERATE_INFOPLIST_FILE = YES;
				INFOPLIST_KEY_UIApplicationSceneManifest_Generation = YES;
				INFOPLIST_KEY_UIApplicationSupportsIndirectInputEvents = YES;
				INFOPLIST_KEY_UILaunchScreen_Generation = YES;
				INFOPLIST_KEY_UISupportedInterfaceOrientations_iPad = "UIInterfaceOrientationPortrait UIInterfaceOrientationPortraitUpsideDown UIInterfaceOrientationLandscapeLeft UIInterfaceOrientationLandscapeRight";
				INFOPLIST_KEY_UISupportedInterfaceOrientations_iPhone = "UIInterfaceOrientationPortrait UIInterfaceOrientationLandscapeLeft UIInterfaceOrientationLandscapeRight";
				LD_RUNPATH_SEARCH_PATHS = (
					"$(inherited)",
					"@executable_path/Frameworks",
				);
				MARKETING_VERSION = 1.0;
				PRODUCT_BUNDLE_IDENTIFIER = Raviteja.SoloTravelSoul;
				PRODUCT_NAME = "$(TARGET_NAME)";
				SWIFT_EMIT_LOC_STRINGS = YES;
				SWIFT_VERSION = 5.0;
				TARGETED_DEVICE_FAMILY = "1,2";
			};
			name = Debug;
		};
		8C714C0B2E25EB4D0002CDCD /* Release */ = {
			isa = XCBuildConfiguration;
			buildSettings = {
				ASSETCATALOG_COMPILER_APPICON_NAME = AppIcon;
				ASSETCATALOG_COMPILER_GLOBAL_ACCENT_COLOR_NAME = AccentColor;
				CODE_SIGN_STYLE = Automatic;
				CURRENT_PROJECT_VERSION = 1;
				DEVELOPMENT_TEAM = 9X7XR5DT7P;
				ENABLE_PREVIEWS = YES;
				GENERATE_INFOPLIST_FILE = YES;
				INFOPLIST_KEY_UIApplicationSceneManifest_Generation = YES;
				INFOPLIST_KEY_UIApplicationSupportsIndirectInputEvents = YES;
				INFOPLIST_KEY_UILaunchScreen_Generation = YES;
				INFOPLIST_KEY_UISupportedInterfaceOrientations_iPad = "UIInterfaceOrientationPortrait UIInterfaceOrientationPortraitUpsideDown UIInterfaceOrientationLandscapeLeft UIInterfaceOrientationLandscapeRight";
				INFOPLIST_KEY_UISupportedInterfaceOrientations_iPhone = "UIInterfaceOrientationPortrait UIInterfaceOrientationLandscapeLeft UIInterfaceOrientationLandscapeRight";
				LD_RUNPATH_SEARCH_PATHS = (
					"$(inherited)",
					"@executable_path/Frameworks",
				);
				MARKETING_VERSION = 1.0;
				PRODUCT_BUNDLE_IDENTIFIER = Raviteja.SoloTravelSoul;
				PRODUCT_NAME = "$(TARGET_NAME)";
				SWIFT_EMIT_LOC_STRINGS = YES;
				SWIFT_VERSION = 5.0;
				TARGETED_DEVICE_FAMILY = "1,2";
			};
			name = Release;
		};
		8C714C0D2E25EB4D0002CDCD /* Debug */ = {
			isa = XCBuildConfiguration;
			buildSettings = {
				BUNDLE_LOADER = "$(TEST_HOST)";
				CODE_SIGN_STYLE = Automatic;
				CURRENT_PROJECT_VERSION = 1;
				DEVELOPMENT_TEAM = 9X7XR5DT7P;
				GENERATE_INFOPLIST_FILE = YES;
				IPHONEOS_DEPLOYMENT_TARGET = 18.5;
				MARKETING_VERSION = 1.0;
				PRODUCT_BUNDLE_IDENTIFIER = Raviteja.SoloTravelSoulTests;
				PRODUCT_NAME = "$(TARGET_NAME)";
				SWIFT_EMIT_LOC_STRINGS = NO;
				SWIFT_VERSION = 5.0;
				TARGETED_DEVICE_FAMILY = "1,2";
				TEST_HOST = "$(BUILT_PRODUCTS_DIR)/SoloTravelSoul.app/$(BUNDLE_EXECUTABLE_FOLDER_PATH)/SoloTravelSoul";
			};
			name = Debug;
		};
		8C714C0E2E25EB4D0002CDCD /* Release */ = {
			isa = XCBuildConfiguration;
			buildSettings = {
				BUNDLE_LOADER = "$(TEST_HOST)";
				CODE_SIGN_STYLE = Automatic;
				CURRENT_PROJECT_VERSION = 1;
				DEVELOPMENT_TEAM = 9X7XR5DT7P;
				GENERATE_INFOPLIST_FILE = YES;
				IPHONEOS_DEPLOYMENT_TARGET = 18.5;
				MARKETING_VERSION = 1.0;
				PRODUCT_BUNDLE_IDENTIFIER = Raviteja.SoloTravelSoulTests;
				PRODUCT_NAME = "$(TARGET_NAME)";
				SWIFT_EMIT_LOC_STRINGS = NO;
				SWIFT_VERSION = 5.0;
				TARGETED_DEVICE_FAMILY = "1,2";
				TEST_HOST = "$(BUILT_PRODUCTS_DIR)/SoloTravelSoul.app/$(BUNDLE_EXECUTABLE_FOLDER_PATH)/SoloTravelSoul";
			};
			name = Release;
		};
		8C714C102E25EB4D0002CDCD /* Debug */ = {
			isa = XCBuildConfiguration;
			buildSettings = {
				CODE_SIGN_STYLE = Automatic;
				CURRENT_PROJECT_VERSION = 1;
				DEVELOPMENT_TEAM = 9X7XR5DT7P;
				GENERATE_INFOPLIST_FILE = YES;
				MARKETING_VERSION = 1.0;
				PRODUCT_BUNDLE_IDENTIFIER = Raviteja.SoloTravelSoulUITests;
				PRODUCT_NAME = "$(TARGET_NAME)";
				SWIFT_EMIT_LOC_STRINGS = NO;
				SWIFT_VERSION = 5.0;
				TARGETED_DEVICE_FAMILY = "1,2";
				TEST_TARGET_NAME = SoloTravelSoul;
			};
			name = Debug;
		};
		8C714C112E25EB4D0002CDCD /* Release */ = {
			isa = XCBuildConfiguration;
			buildSettings = {
				CODE_SIGN_STYLE = Automatic;
				CURRENT_PROJECT_VERSION = 1;
				DEVELOPMENT_TEAM = 9X7XR5DT7P;
				GENERATE_INFOPLIST_FILE = YES;
				MARKETING_VERSION = 1.0;
				PRODUCT_BUNDLE_IDENTIFIER = Raviteja.SoloTravelSoulUITests;
				PRODUCT_NAME = "$(TARGET_NAME)";
				SWIFT_EMIT_LOC_STRINGS = NO;
				SWIFT_VERSION = 5.0;
				TARGETED_DEVICE_FAMILY = "1,2";
				TEST_TARGET_NAME = SoloTravelSoul;
			};
			name = Release;
		};
/* End XCBuildConfiguration section */

/* Begin XCConfigurationList section */
		8C714BE32E25EB480002CDCD /* Build configuration list for PBXProject "SoloTravelSoul" */ = {
			isa = XCConfigurationList;
			buildConfigurations = (
				8C714C072E25EB4D0002CDCD /* Debug */,
				8C714C082E25EB4D0002CDCD /* Release */,
			);
			defaultConfigurationIsVisible = 0;
			defaultConfigurationName = Release;
		};
		8C714C092E25EB4D0002CDCD /* Build configuration list for PBXNativeTarget "SoloTravelSoul" */ = {
			isa = XCConfigurationList;
			buildConfigurations = (
				8C714C0A2E25EB4D0002CDCD /* Debug */,
				8C714C0B2E25EB4D0002CDCD /* Release */,
			);
			defaultConfigurationIsVisible = 0;
			defaultConfigurationName = Release;
		};
		8C714C0C2E25EB4D0002CDCD /* Build configuration list for PBXNativeTarget "SoloTravelSoulTests" */ = {
			isa = XCConfigurationList;
			buildConfigurations = (
				8C714C0D2E25EB4D0002CDCD /* Debug */,
				8C714C0E2E25EB4D0002CDCD /* Release */,
			);
			defaultConfigurationIsVisible = 0;
			defaultConfigurationName = Release;
		};
		8C714C0F2E25EB4D0002CDCD /* Build configuration list for PBXNativeTarget "SoloTravelSoulUITests" */ = {
			isa = XCConfigurationList;
			buildConfigurations = (
				8C714C102E25EB4D0002CDCD /* Debug */,
				8C714C112E25EB4D0002CDCD /* Release */,
			);
			defaultConfigurationIsVisible = 0;
			defaultConfigurationName = Release;
		};
/* End XCConfigurationList section */
	};
	rootObject = 8C714BE02E25EB480002CDCD /* Project object */;
}
