{
  "originHash" : "79dce5428caa1405ac606b31abf83743efd0ac04437577c389c94171977200ce",
  "pins" : [
    {
      "identity" : "ios-places-sdk",
      "kind" : "remoteSourceControl",
      "location" : "https://github.com/googlemaps/ios-places-sdk",
      "state" : {
        "revision" : "987497b1eb8a7bbce8cb1d86b2c7cd64d0302452",
        "version" : "10.1.0"
      }
    }
  ],
  "version" : 3
}
